// !$*UTF8*$!
{
	archiveVersion = 1;
	classes = {
	};
	objectVersion = 46;
	objects = {

/* Begin PBXBuildFile section */
		8516A7EE1CF7775300168B25 /* Assets.xcassets in Resources */ = {isa = PBXBuildFile; fileRef = 8516A7ED1CF7775300168B25 /* Assets.xcassets */; };
		8516A7F01CF7C4F000168B25 /* StringUtil.swift in Sources */ = {isa = PBXBuildFile; fileRef = 8516A7EF1CF7C4F000168B25 /* StringUtil.swift */; };
		852F5C2F1CFC7C49004178A8 /* DateUtil.swift in Sources */ = {isa = PBXBuildFile; fileRef = 852F5C2E1CFC7C49004178A8 /* DateUtil.swift */; };
		8575C0F31C9300E200FCAD85 /* Event.swift in Sources */ = {isa = PBXBuildFile; fileRef = 8575C0F21C9300E200FCAD85 /* Event.swift */; };
		859748311CABF6CD007A7481 /* Person.swift in Sources */ = {isa = PBXBuildFile; fileRef = 859748301CABF6CD007A7481 /* Person.swift */; };
		859748331CAC173B007A7481 /* Presentation.swift in Sources */ = {isa = PBXBuildFile; fileRef = 859748321CAC173B007A7481 /* Presentation.swift */; };
		85BADFA21C9054E6000B8989 /* MirageTests.swift in Sources */ = {isa = PBXBuildFile; fileRef = 85BADFA11C9054E6000B8989 /* MirageTests.swift */; };
		85BADFAD1C9054E6000B8989 /* MirageUITests.swift in Sources */ = {isa = PBXBuildFile; fileRef = 85BADFAC1C9054E6000B8989 /* MirageUITests.swift */; };
		85BADFC01C905577000B8989 /* AppDelegate.swift in Sources */ = {isa = PBXBuildFile; fileRef = 85BADFBF1C905577000B8989 /* AppDelegate.swift */; };
		85BADFC21C90557C000B8989 /* ViewController.swift in Sources */ = {isa = PBXBuildFile; fileRef = 85BADFC11C90557C000B8989 /* ViewController.swift */; };
		85BADFC41C905593000B8989 /* models in Resources */ = {isa = PBXBuildFile; fileRef = 85BADFC31C905593000B8989 /* models */; };
		85BADFC61C90559A000B8989 /* util in Resources */ = {isa = PBXBuildFile; fileRef = 85BADFC51C90559A000B8989 /* util */; };
		85BADFC81C9055A8000B8989 /* viewcontrollers in Resources */ = {isa = PBXBuildFile; fileRef = 85BADFC71C9055A8000B8989 /* viewcontrollers */; };
		85BADFCD1C9056B8000B8989 /* Main.storyboard in Resources */ = {isa = PBXBuildFile; fileRef = 85BADFCB1C9056B8000B8989 /* Main.storyboard */; };
		85BADFD01C9056BF000B8989 /* LaunchScreen.storyboard in Resources */ = {isa = PBXBuildFile; fileRef = 85BADFCE1C9056BF000B8989 /* LaunchScreen.storyboard */; };
		85BADFD81C905710000B8989 /* Server.swift in Sources */ = {isa = PBXBuildFile; fileRef = 85BADFD71C905710000B8989 /* Server.swift */; };
		85C35F9D1CEDE47D008F0526 /* ImageUtil.swift in Sources */ = {isa = PBXBuildFile; fileRef = 85C35F9C1CEDE47D008F0526 /* ImageUtil.swift */; };
		85D3CF361CD102B10058CCFF /* PresentationCell.xib in Resources */ = {isa = PBXBuildFile; fileRef = 85D3CF351CD102B10058CCFF /* PresentationCell.xib */; };
		85D8DABD1CD104780069C6CE /* PresentationsTabBarController.xib in Resources */ = {isa = PBXBuildFile; fileRef = 85D8DABC1CD104780069C6CE /* PresentationsTabBarController.xib */; };
		85E1A75A1CB538960094F000 /* view in Resources */ = {isa = PBXBuildFile; fileRef = 85E1A7591CB538960094F000 /* view */; };
		85E3488B1CE4BD5B00DCD6C1 /* ColorUtil.swift in Sources */ = {isa = PBXBuildFile; fileRef = 85E3488A1CE4BD5B00DCD6C1 /* ColorUtil.swift */; };
		85FC78811CF3385B001E2696 /* SWRevealViewController in Resources */ = {isa = PBXBuildFile; fileRef = 85FC78801CF3385B001E2696 /* SWRevealViewController */; };
		85FC78851CF33881001E2696 /* SWRevealViewController.m in Sources */ = {isa = PBXBuildFile; fileRef = 85FC78841CF33881001E2696 /* SWRevealViewController.m */; };
		B60321A81D14B386006FCCEB /* DefaultViewController.swift in Sources */ = {isa = PBXBuildFile; fileRef = B60321A71D14B386006FCCEB /* DefaultViewController.swift */; };
		B619D0831D0EF477001CE3A9 /* MenuTableViewController.swift in Sources */ = {isa = PBXBuildFile; fileRef = B619D07F1D0EF477001CE3A9 /* MenuTableViewController.swift */; };
		B619D0841D0EF477001CE3A9 /* RecoverPasswordViewController.swift in Sources */ = {isa = PBXBuildFile; fileRef = B619D0801D0EF477001CE3A9 /* RecoverPasswordViewController.swift */; };
		B619D0851D0EF477001CE3A9 /* RegisterViewController.swift in Sources */ = {isa = PBXBuildFile; fileRef = B619D0811D0EF477001CE3A9 /* RegisterViewController.swift */; };
		B619D08D1D0EF489001CE3A9 /* ClosedPresentationViewController.swift in Sources */ = {isa = PBXBuildFile; fileRef = B619D0871D0EF489001CE3A9 /* ClosedPresentationViewController.swift */; };
		B619D08F1D0EF489001CE3A9 /* OpenPresentationViewController.swift in Sources */ = {isa = PBXBuildFile; fileRef = B619D0891D0EF489001CE3A9 /* OpenPresentationViewController.swift */; };
		B619D0AA1D0EF4F8001CE3A9 /* ClosedPresentationViewController.xib in Resources */ = {isa = PBXBuildFile; fileRef = B619D09D1D0EF4F8001CE3A9 /* ClosedPresentationViewController.xib */; };
		B619D0AC1D0EF4F8001CE3A9 /* OpenPresentationViewController.xib in Resources */ = {isa = PBXBuildFile; fileRef = B619D09F1D0EF4F8001CE3A9 /* OpenPresentationViewController.xib */; };
		B619D0B21D0EF76F001CE3A9 /* PresentationsTabBarController.swift in Sources */ = {isa = PBXBuildFile; fileRef = B619D0AF1D0EF76F001CE3A9 /* PresentationsTabBarController.swift */; };
		B62640B01D667F0D008AA819 /* QuestionsTabBarViewController.swift in Sources */ = {isa = PBXBuildFile; fileRef = B62640AF1D667F0D008AA819 /* QuestionsTabBarViewController.swift */; };
		B62640B21D667F31008AA819 /* QuestionsTabBarViewController.xib in Resources */ = {isa = PBXBuildFile; fileRef = B62640B11D667F31008AA819 /* QuestionsTabBarViewController.xib */; };
		B64A66141D536CC500BB5F90 /* Answer.swift in Sources */ = {isa = PBXBuildFile; fileRef = B64A66131D536CC500BB5F90 /* Answer.swift */; };
		B64A66161D536CDD00BB5F90 /* Question.swift in Sources */ = {isa = PBXBuildFile; fileRef = B64A66151D536CDD00BB5F90 /* Question.swift */; };
		B64C19521D5CA45200368876 /* User.swift in Sources */ = {isa = PBXBuildFile; fileRef = B64C19511D5CA45200368876 /* User.swift */; };
		B65239B31D65DF0F00CA19A8 /* CreatePresentationViewController.xib in Resources */ = {isa = PBXBuildFile; fileRef = B65239B21D65DF0F00CA19A8 /* CreatePresentationViewController.xib */; };
		B65239B51D65E06500CA19A8 /* CreatePresentationViewController.swift in Sources */ = {isa = PBXBuildFile; fileRef = B65239B41D65E06500CA19A8 /* CreatePresentationViewController.swift */; };
		B6719A0C1D08589000D882BC /* Contributions.swift in Sources */ = {isa = PBXBuildFile; fileRef = B6719A0B1D08589000D882BC /* Contributions.swift */; };
		B6719A0E1D08591300D882BC /* MCMaterial.swift in Sources */ = {isa = PBXBuildFile; fileRef = B6719A0D1D08591300D882BC /* MCMaterial.swift */; };
		B675321D1D50D410006827BC /* Lecture.swift in Sources */ = {isa = PBXBuildFile; fileRef = B675321C1D50D410006827BC /* Lecture.swift */; };
		B686217F1D52302400C49F24 /* Instruction.swift in Sources */ = {isa = PBXBuildFile; fileRef = B686217E1D52302400C49F24 /* Instruction.swift */; };
		B6894CEA1D6B340A0066C626 /* AttachmentAnswerViewController.xib in Resources */ = {isa = PBXBuildFile; fileRef = B6894CE51D6B340A0066C626 /* AttachmentAnswerViewController.xib */; };
		B6894CEB1D6B340A0066C626 /* AudioAnswerViewController.xib in Resources */ = {isa = PBXBuildFile; fileRef = B6894CE61D6B340A0066C626 /* AudioAnswerViewController.xib */; };
		B6894CEC1D6B340A0066C626 /* CreateAnswerViewController.xib in Resources */ = {isa = PBXBuildFile; fileRef = B6894CE71D6B340A0066C626 /* CreateAnswerViewController.xib */; };
		B6894CED1D6B340A0066C626 /* TextAnswerViewController.xib in Resources */ = {isa = PBXBuildFile; fileRef = B6894CE81D6B340A0066C626 /* TextAnswerViewController.xib */; };
		B6894CEE1D6B340A0066C626 /* VideoAnswerViewController.xib in Resources */ = {isa = PBXBuildFile; fileRef = B6894CE91D6B340A0066C626 /* VideoAnswerViewController.xib */; };
		B6894CF01D6B34190066C626 /* InstructionViewController.xib in Resources */ = {isa = PBXBuildFile; fileRef = B6894CEF1D6B34190066C626 /* InstructionViewController.xib */; };
		B6894CF61D6B34420066C626 /* ClosedQuestionViewController.xib in Resources */ = {isa = PBXBuildFile; fileRef = B6894CF11D6B34420066C626 /* ClosedQuestionViewController.xib */; };
		B6894CF71D6B34420066C626 /* CreateQuestionViewController.xib in Resources */ = {isa = PBXBuildFile; fileRef = B6894CF21D6B34420066C626 /* CreateQuestionViewController.xib */; };
		B6894CF81D6B34420066C626 /* OpenQuestionViewController.xib in Resources */ = {isa = PBXBuildFile; fileRef = B6894CF31D6B34420066C626 /* OpenQuestionViewController.xib */; };
		B6894CF91D6B34420066C626 /* QuestionViewController.xib in Resources */ = {isa = PBXBuildFile; fileRef = B6894CF41D6B34420066C626 /* QuestionViewController.xib */; };
		B6894CFA1D6B34420066C626 /* RankingDoubtViewController.xib in Resources */ = {isa = PBXBuildFile; fileRef = B6894CF51D6B34420066C626 /* RankingDoubtViewController.xib */; };
		B6894CFC1D6B34580066C626 /* AnswersTabBarViewController.xib in Resources */ = {isa = PBXBuildFile; fileRef = B6894CFB1D6B34580066C626 /* AnswersTabBarViewController.xib */; };
		B6894CFF1D6B34700066C626 /* AnswerCell.xib in Resources */ = {isa = PBXBuildFile; fileRef = B6894CFD1D6B34700066C626 /* AnswerCell.xib */; };
		B6894D001D6B34700066C626 /* InstructionCell.xib in Resources */ = {isa = PBXBuildFile; fileRef = B6894CFE1D6B34700066C626 /* InstructionCell.xib */; };
		B6894D021D6B34790066C626 /* QuestionCell.xib in Resources */ = {isa = PBXBuildFile; fileRef = B6894D011D6B34790066C626 /* QuestionCell.xib */; };
		B6894D081D6B34BB0066C626 /* AttachmentAnswerViewController.swift in Sources */ = {isa = PBXBuildFile; fileRef = B6894D031D6B34BB0066C626 /* AttachmentAnswerViewController.swift */; };
		B6894D091D6B34BB0066C626 /* AudioAnswerViewController.swift in Sources */ = {isa = PBXBuildFile; fileRef = B6894D041D6B34BB0066C626 /* AudioAnswerViewController.swift */; };
		B6894D0A1D6B34BB0066C626 /* CreateAnswerViewController.swift in Sources */ = {isa = PBXBuildFile; fileRef = B6894D051D6B34BB0066C626 /* CreateAnswerViewController.swift */; };
		B6894D0B1D6B34BB0066C626 /* TextAnswerViewController.swift in Sources */ = {isa = PBXBuildFile; fileRef = B6894D061D6B34BB0066C626 /* TextAnswerViewController.swift */; };
		B6894D0C1D6B34BB0066C626 /* VideoAnswerViewController.swift in Sources */ = {isa = PBXBuildFile; fileRef = B6894D071D6B34BB0066C626 /* VideoAnswerViewController.swift */; };
		B6894D0E1D6B34D40066C626 /* InstructionViewController.swift in Sources */ = {isa = PBXBuildFile; fileRef = B6894D0D1D6B34D40066C626 /* InstructionViewController.swift */; };
		B6894D141D6B35360066C626 /* ClosedQuestionViewController.swift in Sources */ = {isa = PBXBuildFile; fileRef = B6894D0F1D6B35360066C626 /* ClosedQuestionViewController.swift */; };
		B6894D151D6B35360066C626 /* CreateQuestionViewController.swift in Sources */ = {isa = PBXBuildFile; fileRef = B6894D101D6B35360066C626 /* CreateQuestionViewController.swift */; };
		B6894D161D6B35360066C626 /* OpenQuestionViewController.swift in Sources */ = {isa = PBXBuildFile; fileRef = B6894D111D6B35360066C626 /* OpenQuestionViewController.swift */; };
		B6894D171D6B35360066C626 /* QuestionViewController.swift in Sources */ = {isa = PBXBuildFile; fileRef = B6894D121D6B35360066C626 /* QuestionViewController.swift */; };
		B6894D181D6B35360066C626 /* RankingQuestionViewController.swift in Sources */ = {isa = PBXBuildFile; fileRef = B6894D131D6B35360066C626 /* RankingQuestionViewController.swift */; };
		B6894D1A1D6B354D0066C626 /* AnswersTabBarViewController.swift in Sources */ = {isa = PBXBuildFile; fileRef = B6894D191D6B354D0066C626 /* AnswersTabBarViewController.swift */; };
		B6894D1C1D6B358E0066C626 /* AnswerCell.swift in Sources */ = {isa = PBXBuildFile; fileRef = B6894D1B1D6B358E0066C626 /* AnswerCell.swift */; };
		B6894D1E1D6B35920066C626 /* InstructionCell.swift in Sources */ = {isa = PBXBuildFile; fileRef = B6894D1D1D6B35920066C626 /* InstructionCell.swift */; };
		B6894D201D6B35970066C626 /* PresentationCell.swift in Sources */ = {isa = PBXBuildFile; fileRef = B6894D1F1D6B35970066C626 /* PresentationCell.swift */; };
		B6894D221D6B359A0066C626 /* QuestionCell.swift in Sources */ = {isa = PBXBuildFile; fileRef = B6894D211D6B359A0066C626 /* QuestionCell.swift */; };
		B6B61E671D4F702000DF9D2A /* Login.swift in Sources */ = {isa = PBXBuildFile; fileRef = B6B61E661D4F702000DF9D2A /* Login.swift */; };
/* End PBXBuildFile section */

/* Begin PBXContainerItemProxy section */
		85BADF9E1C9054E6000B8989 /* PBXContainerItemProxy */ = {
			isa = PBXContainerItemProxy;
			containerPortal = 85BADF811C9054E6000B8989 /* Project object */;
			proxyType = 1;
			remoteGlobalIDString = 85BADF881C9054E6000B8989;
			remoteInfo = Mirage;
		};
		85BADFA91C9054E6000B8989 /* PBXContainerItemProxy */ = {
			isa = PBXContainerItemProxy;
			containerPortal = 85BADF811C9054E6000B8989 /* Project object */;
			proxyType = 1;
			remoteGlobalIDString = 85BADF881C9054E6000B8989;
			remoteInfo = Mirage;
		};
/* End PBXContainerItemProxy section */

/* Begin PBXFileReference section */
		8516A7ED1CF7775300168B25 /* Assets.xcassets */ = {isa = PBXFileReference; lastKnownFileType = folder.assetcatalog; path = Assets.xcassets; sourceTree = "<group>"; };
		8516A7EF1CF7C4F000168B25 /* StringUtil.swift */ = {isa = PBXFileReference; fileEncoding = 4; lastKnownFileType = sourcecode.swift; name = StringUtil.swift; path = Mirage/util/StringUtil.swift; sourceTree = "<group>"; };
		852F5C2E1CFC7C49004178A8 /* DateUtil.swift */ = {isa = PBXFileReference; fileEncoding = 4; lastKnownFileType = sourcecode.swift; name = DateUtil.swift; path = Mirage/util/DateUtil.swift; sourceTree = "<group>"; };
		8575C0F21C9300E200FCAD85 /* Event.swift */ = {isa = PBXFileReference; lastKnownFileType = sourcecode.swift; name = Event.swift; path = Mirage/models/Event.swift; sourceTree = "<group>"; };
		859748301CABF6CD007A7481 /* Person.swift */ = {isa = PBXFileReference; fileEncoding = 4; lastKnownFileType = sourcecode.swift; name = Person.swift; path = Mirage/models/Person.swift; sourceTree = "<group>"; };
		859748321CAC173B007A7481 /* Presentation.swift */ = {isa = PBXFileReference; fileEncoding = 4; lastKnownFileType = sourcecode.swift; name = Presentation.swift; path = Mirage/models/Presentation.swift; sourceTree = "<group>"; };
		85BADF891C9054E6000B8989 /* Mirage.app */ = {isa = PBXFileReference; explicitFileType = wrapper.application; includeInIndex = 0; path = Mirage.app; sourceTree = BUILT_PRODUCTS_DIR; };
		85BADF9D1C9054E6000B8989 /* MirageTests.xctest */ = {isa = PBXFileReference; explicitFileType = wrapper.cfbundle; includeInIndex = 0; path = MirageTests.xctest; sourceTree = BUILT_PRODUCTS_DIR; };
		85BADFA11C9054E6000B8989 /* MirageTests.swift */ = {isa = PBXFileReference; lastKnownFileType = sourcecode.swift; path = MirageTests.swift; sourceTree = "<group>"; };
		85BADFA31C9054E6000B8989 /* Info.plist */ = {isa = PBXFileReference; lastKnownFileType = text.plist.xml; path = Info.plist; sourceTree = "<group>"; };
		85BADFA81C9054E6000B8989 /* MirageUITests.xctest */ = {isa = PBXFileReference; explicitFileType = wrapper.cfbundle; includeInIndex = 0; path = MirageUITests.xctest; sourceTree = BUILT_PRODUCTS_DIR; };
		85BADFAC1C9054E6000B8989 /* MirageUITests.swift */ = {isa = PBXFileReference; lastKnownFileType = sourcecode.swift; path = MirageUITests.swift; sourceTree = "<group>"; };
		85BADFAE1C9054E6000B8989 /* Info.plist */ = {isa = PBXFileReference; lastKnownFileType = text.plist.xml; path = Info.plist; sourceTree = "<group>"; };
		85BADFBE1C905577000B8989 /* Mirage-Bridging-Header.h */ = {isa = PBXFileReference; lastKnownFileType = sourcecode.c.h; path = "Mirage-Bridging-Header.h"; sourceTree = "<group>"; };
		85BADFBF1C905577000B8989 /* AppDelegate.swift */ = {isa = PBXFileReference; fileEncoding = 4; lastKnownFileType = sourcecode.swift; path = AppDelegate.swift; sourceTree = "<group>"; };
		85BADFC11C90557C000B8989 /* ViewController.swift */ = {isa = PBXFileReference; fileEncoding = 4; lastKnownFileType = sourcecode.swift; path = ViewController.swift; sourceTree = "<group>"; };
		85BADFC31C905593000B8989 /* models */ = {isa = PBXFileReference; lastKnownFileType = folder; path = models; sourceTree = "<group>"; };
		85BADFC51C90559A000B8989 /* util */ = {isa = PBXFileReference; lastKnownFileType = folder; path = util; sourceTree = "<group>"; };
		85BADFC71C9055A8000B8989 /* viewcontrollers */ = {isa = PBXFileReference; lastKnownFileType = folder; path = viewcontrollers; sourceTree = "<group>"; };
		85BADFC91C9055BB000B8989 /* Info.plist */ = {isa = PBXFileReference; fileEncoding = 4; lastKnownFileType = text.plist.xml; path = Info.plist; sourceTree = "<group>"; };
		85BADFCC1C9056B8000B8989 /* Base */ = {isa = PBXFileReference; lastKnownFileType = file.storyboard; name = Base; path = Base.lproj/Main.storyboard; sourceTree = "<group>"; };
		85BADFCF1C9056BF000B8989 /* Base */ = {isa = PBXFileReference; lastKnownFileType = file.storyboard; name = Base; path = Base.lproj/LaunchScreen.storyboard; sourceTree = "<group>"; };
		85BADFD71C905710000B8989 /* Server.swift */ = {isa = PBXFileReference; lastKnownFileType = sourcecode.swift; name = Server.swift; path = Mirage/util/Server.swift; sourceTree = "<group>"; };
		85C35F9C1CEDE47D008F0526 /* ImageUtil.swift */ = {isa = PBXFileReference; fileEncoding = 4; lastKnownFileType = sourcecode.swift; name = ImageUtil.swift; path = Mirage/util/ImageUtil.swift; sourceTree = "<group>"; };
		85D3CF351CD102B10058CCFF /* PresentationCell.xib */ = {isa = PBXFileReference; fileEncoding = 4; lastKnownFileType = file.xib; name = PresentationCell.xib; path = Mirage/view/viewcell/PresentationCell.xib; sourceTree = "<group>"; };
		85D8DABC1CD104780069C6CE /* PresentationsTabBarController.xib */ = {isa = PBXFileReference; fileEncoding = 4; lastKnownFileType = file.xib; name = PresentationsTabBarController.xib; path = Mirage/view/tabbarview/PresentationsTabBarController.xib; sourceTree = "<group>"; };
		85E1A7591CB538960094F000 /* view */ = {isa = PBXFileReference; lastKnownFileType = folder; path = view; sourceTree = "<group>"; };
		85E3488A1CE4BD5B00DCD6C1 /* ColorUtil.swift */ = {isa = PBXFileReference; fileEncoding = 4; lastKnownFileType = sourcecode.swift; name = ColorUtil.swift; path = Mirage/util/ColorUtil.swift; sourceTree = "<group>"; };
		85FC78801CF3385B001E2696 /* SWRevealViewController */ = {isa = PBXFileReference; lastKnownFileType = folder; path = SWRevealViewController; sourceTree = "<group>"; };
		85FC78831CF3387D001E2696 /* SWRevealViewController.h */ = {isa = PBXFileReference; lastKnownFileType = sourcecode.c.h; name = SWRevealViewController.h; path = Mirage/SWRevealViewController/SWRevealViewController.h; sourceTree = "<group>"; };
		85FC78841CF33881001E2696 /* SWRevealViewController.m */ = {isa = PBXFileReference; fileEncoding = 4; lastKnownFileType = sourcecode.c.objc; name = SWRevealViewController.m; path = Mirage/SWRevealViewController/SWRevealViewController.m; sourceTree = "<group>"; };
		B60321A71D14B386006FCCEB /* DefaultViewController.swift */ = {isa = PBXFileReference; fileEncoding = 4; lastKnownFileType = sourcecode.swift; name = DefaultViewController.swift; path = Mirage/viewcontrollers/DefaultViewController.swift; sourceTree = "<group>"; };
		B619D07F1D0EF477001CE3A9 /* MenuTableViewController.swift */ = {isa = PBXFileReference; fileEncoding = 4; lastKnownFileType = sourcecode.swift; name = MenuTableViewController.swift; path = Mirage/viewcontrollers/mainStoryboard/MenuTableViewController.swift; sourceTree = "<group>"; };
		B619D0801D0EF477001CE3A9 /* RecoverPasswordViewController.swift */ = {isa = PBXFileReference; fileEncoding = 4; lastKnownFileType = sourcecode.swift; name = RecoverPasswordViewController.swift; path = Mirage/viewcontrollers/mainStoryboard/RecoverPasswordViewController.swift; sourceTree = "<group>"; };
		B619D0811D0EF477001CE3A9 /* RegisterViewController.swift */ = {isa = PBXFileReference; fileEncoding = 4; lastKnownFileType = sourcecode.swift; name = RegisterViewController.swift; path = Mirage/viewcontrollers/mainStoryboard/RegisterViewController.swift; sourceTree = "<group>"; };
		B619D0871D0EF489001CE3A9 /* ClosedPresentationViewController.swift */ = {isa = PBXFileReference; fileEncoding = 4; lastKnownFileType = sourcecode.swift; name = ClosedPresentationViewController.swift; path = Mirage/viewcontrollers/Presentation/ClosedPresentationViewController.swift; sourceTree = "<group>"; };
		B619D0891D0EF489001CE3A9 /* OpenPresentationViewController.swift */ = {isa = PBXFileReference; fileEncoding = 4; lastKnownFileType = sourcecode.swift; name = OpenPresentationViewController.swift; path = Mirage/viewcontrollers/Presentation/OpenPresentationViewController.swift; sourceTree = "<group>"; };
		B619D09D1D0EF4F8001CE3A9 /* ClosedPresentationViewController.xib */ = {isa = PBXFileReference; fileEncoding = 4; lastKnownFileType = file.xib; name = ClosedPresentationViewController.xib; path = Mirage/view/Presentation/ClosedPresentationViewController.xib; sourceTree = "<group>"; };
		B619D09F1D0EF4F8001CE3A9 /* OpenPresentationViewController.xib */ = {isa = PBXFileReference; fileEncoding = 4; lastKnownFileType = file.xib; name = OpenPresentationViewController.xib; path = Mirage/view/Presentation/OpenPresentationViewController.xib; sourceTree = "<group>"; };
		B619D0AF1D0EF76F001CE3A9 /* PresentationsTabBarController.swift */ = {isa = PBXFileReference; fileEncoding = 4; lastKnownFileType = sourcecode.swift; name = PresentationsTabBarController.swift; path = Mirage/viewcontrollers/tabbarviewcontrollers/PresentationsTabBarController.swift; sourceTree = "<group>"; };
		B62640AF1D667F0D008AA819 /* QuestionsTabBarViewController.swift */ = {isa = PBXFileReference; fileEncoding = 4; lastKnownFileType = sourcecode.swift; name = QuestionsTabBarViewController.swift; path = Mirage/viewcontrollers/tabbarviewcontrollers/QuestionsTabBarViewController.swift; sourceTree = "<group>"; };
		B62640B11D667F31008AA819 /* QuestionsTabBarViewController.xib */ = {isa = PBXFileReference; fileEncoding = 4; lastKnownFileType = file.xib; name = QuestionsTabBarViewController.xib; path = Mirage/view/tabbarview/QuestionsTabBarViewController.xib; sourceTree = "<group>"; };
		B64A66131D536CC500BB5F90 /* Answer.swift */ = {isa = PBXFileReference; fileEncoding = 4; lastKnownFileType = sourcecode.swift; name = Answer.swift; path = Mirage/models/Answer.swift; sourceTree = "<group>"; };
		B64A66151D536CDD00BB5F90 /* Question.swift */ = {isa = PBXFileReference; fileEncoding = 4; lastKnownFileType = sourcecode.swift; name = Question.swift; path = Mirage/models/Question.swift; sourceTree = "<group>"; };
		B64C19511D5CA45200368876 /* User.swift */ = {isa = PBXFileReference; fileEncoding = 4; lastKnownFileType = sourcecode.swift; name = User.swift; path = Mirage/models/User.swift; sourceTree = "<group>"; };
		B65239B21D65DF0F00CA19A8 /* CreatePresentationViewController.xib */ = {isa = PBXFileReference; fileEncoding = 4; lastKnownFileType = file.xib; name = CreatePresentationViewController.xib; path = Mirage/view/Presentation/CreatePresentationViewController.xib; sourceTree = "<group>"; };
		B65239B41D65E06500CA19A8 /* CreatePresentationViewController.swift */ = {isa = PBXFileReference; fileEncoding = 4; lastKnownFileType = sourcecode.swift; name = CreatePresentationViewController.swift; path = Mirage/viewcontrollers/Presentation/CreatePresentationViewController.swift; sourceTree = "<group>"; };
		B6719A0B1D08589000D882BC /* Contributions.swift */ = {isa = PBXFileReference; fileEncoding = 4; lastKnownFileType = sourcecode.swift; name = Contributions.swift; path = Mirage/models/Contributions.swift; sourceTree = "<group>"; };
		B6719A0D1D08591300D882BC /* MCMaterial.swift */ = {isa = PBXFileReference; fileEncoding = 4; lastKnownFileType = sourcecode.swift; name = MCMaterial.swift; path = Mirage/models/MCMaterial.swift; sourceTree = "<group>"; };
		B675321C1D50D410006827BC /* Lecture.swift */ = {isa = PBXFileReference; fileEncoding = 4; lastKnownFileType = sourcecode.swift; name = Lecture.swift; path = Mirage/models/Lecture.swift; sourceTree = "<group>"; };
		B686217E1D52302400C49F24 /* Instruction.swift */ = {isa = PBXFileReference; fileEncoding = 4; lastKnownFileType = sourcecode.swift; name = Instruction.swift; path = Mirage/models/Instruction.swift; sourceTree = "<group>"; };
		B6894CE51D6B340A0066C626 /* AttachmentAnswerViewController.xib */ = {isa = PBXFileReference; fileEncoding = 4; lastKnownFileType = file.xib; name = AttachmentAnswerViewController.xib; path = Mirage/view/Answer/AttachmentAnswerViewController.xib; sourceTree = "<group>"; };
		B6894CE61D6B340A0066C626 /* AudioAnswerViewController.xib */ = {isa = PBXFileReference; fileEncoding = 4; lastKnownFileType = file.xib; name = AudioAnswerViewController.xib; path = Mirage/view/Answer/AudioAnswerViewController.xib; sourceTree = "<group>"; };
		B6894CE71D6B340A0066C626 /* CreateAnswerViewController.xib */ = {isa = PBXFileReference; fileEncoding = 4; lastKnownFileType = file.xib; name = CreateAnswerViewController.xib; path = Mirage/view/Answer/CreateAnswerViewController.xib; sourceTree = "<group>"; };
		B6894CE81D6B340A0066C626 /* TextAnswerViewController.xib */ = {isa = PBXFileReference; fileEncoding = 4; lastKnownFileType = file.xib; name = TextAnswerViewController.xib; path = Mirage/view/Answer/TextAnswerViewController.xib; sourceTree = "<group>"; };
		B6894CE91D6B340A0066C626 /* VideoAnswerViewController.xib */ = {isa = PBXFileReference; fileEncoding = 4; lastKnownFileType = file.xib; name = VideoAnswerViewController.xib; path = Mirage/view/Answer/VideoAnswerViewController.xib; sourceTree = "<group>"; };
		B6894CEF1D6B34190066C626 /* InstructionViewController.xib */ = {isa = PBXFileReference; fileEncoding = 4; lastKnownFileType = file.xib; name = InstructionViewController.xib; path = Mirage/view/Instruction/InstructionViewController.xib; sourceTree = "<group>"; };
		B6894CF11D6B34420066C626 /* ClosedQuestionViewController.xib */ = {isa = PBXFileReference; fileEncoding = 4; lastKnownFileType = file.xib; name = ClosedQuestionViewController.xib; path = Mirage/view/Question/ClosedQuestionViewController.xib; sourceTree = "<group>"; };
		B6894CF21D6B34420066C626 /* CreateQuestionViewController.xib */ = {isa = PBXFileReference; fileEncoding = 4; lastKnownFileType = file.xib; name = CreateQuestionViewController.xib; path = Mirage/view/Question/CreateQuestionViewController.xib; sourceTree = "<group>"; };
		B6894CF31D6B34420066C626 /* OpenQuestionViewController.xib */ = {isa = PBXFileReference; fileEncoding = 4; lastKnownFileType = file.xib; name = OpenQuestionViewController.xib; path = Mirage/view/Question/OpenQuestionViewController.xib; sourceTree = "<group>"; };
		B6894CF41D6B34420066C626 /* QuestionViewController.xib */ = {isa = PBXFileReference; fileEncoding = 4; lastKnownFileType = file.xib; name = QuestionViewController.xib; path = Mirage/view/Question/QuestionViewController.xib; sourceTree = "<group>"; };
		B6894CF51D6B34420066C626 /* RankingDoubtViewController.xib */ = {isa = PBXFileReference; fileEncoding = 4; lastKnownFileType = file.xib; name = RankingDoubtViewController.xib; path = Mirage/view/Question/RankingDoubtViewController.xib; sourceTree = "<group>"; };
		B6894CFB1D6B34580066C626 /* AnswersTabBarViewController.xib */ = {isa = PBXFileReference; fileEncoding = 4; lastKnownFileType = file.xib; name = AnswersTabBarViewController.xib; path = Mirage/view/tabbarview/AnswersTabBarViewController.xib; sourceTree = "<group>"; };
		B6894CFD1D6B34700066C626 /* AnswerCell.xib */ = {isa = PBXFileReference; fileEncoding = 4; lastKnownFileType = file.xib; name = AnswerCell.xib; path = Mirage/view/viewcell/AnswerCell.xib; sourceTree = "<group>"; };
		B6894CFE1D6B34700066C626 /* InstructionCell.xib */ = {isa = PBXFileReference; fileEncoding = 4; lastKnownFileType = file.xib; name = InstructionCell.xib; path = Mirage/view/viewcell/InstructionCell.xib; sourceTree = "<group>"; };
		B6894D011D6B34790066C626 /* QuestionCell.xib */ = {isa = PBXFileReference; fileEncoding = 4; lastKnownFileType = file.xib; name = QuestionCell.xib; path = Mirage/view/viewcell/QuestionCell.xib; sourceTree = "<group>"; };
		B6894D031D6B34BB0066C626 /* AttachmentAnswerViewController.swift */ = {isa = PBXFileReference; fileEncoding = 4; lastKnownFileType = sourcecode.swift; name = AttachmentAnswerViewController.swift; path = Mirage/viewcontrollers/Answer/AttachmentAnswerViewController.swift; sourceTree = "<group>"; };
		B6894D041D6B34BB0066C626 /* AudioAnswerViewController.swift */ = {isa = PBXFileReference; fileEncoding = 4; lastKnownFileType = sourcecode.swift; name = AudioAnswerViewController.swift; path = Mirage/viewcontrollers/Answer/AudioAnswerViewController.swift; sourceTree = "<group>"; };
		B6894D051D6B34BB0066C626 /* CreateAnswerViewController.swift */ = {isa = PBXFileReference; fileEncoding = 4; lastKnownFileType = sourcecode.swift; name = CreateAnswerViewController.swift; path = Mirage/viewcontrollers/Answer/CreateAnswerViewController.swift; sourceTree = "<group>"; };
		B6894D061D6B34BB0066C626 /* TextAnswerViewController.swift */ = {isa = PBXFileReference; fileEncoding = 4; lastKnownFileType = sourcecode.swift; name = TextAnswerViewController.swift; path = Mirage/viewcontrollers/Answer/TextAnswerViewController.swift; sourceTree = "<group>"; };
		B6894D071D6B34BB0066C626 /* VideoAnswerViewController.swift */ = {isa = PBXFileReference; fileEncoding = 4; lastKnownFileType = sourcecode.swift; name = VideoAnswerViewController.swift; path = Mirage/viewcontrollers/Answer/VideoAnswerViewController.swift; sourceTree = "<group>"; };
		B6894D0D1D6B34D40066C626 /* InstructionViewController.swift */ = {isa = PBXFileReference; fileEncoding = 4; lastKnownFileType = sourcecode.swift; name = InstructionViewController.swift; path = Mirage/viewcontrollers/Instruction/InstructionViewController.swift; sourceTree = "<group>"; };
		B6894D0F1D6B35360066C626 /* ClosedQuestionViewController.swift */ = {isa = PBXFileReference; fileEncoding = 4; lastKnownFileType = sourcecode.swift; name = ClosedQuestionViewController.swift; path = Mirage/viewcontrollers/Question/ClosedQuestionViewController.swift; sourceTree = "<group>"; };
		B6894D101D6B35360066C626 /* CreateQuestionViewController.swift */ = {isa = PBXFileReference; fileEncoding = 4; lastKnownFileType = sourcecode.swift; name = CreateQuestionViewController.swift; path = Mirage/viewcontrollers/Question/CreateQuestionViewController.swift; sourceTree = "<group>"; };
		B6894D111D6B35360066C626 /* OpenQuestionViewController.swift */ = {isa = PBXFileReference; fileEncoding = 4; lastKnownFileType = sourcecode.swift; name = OpenQuestionViewController.swift; path = Mirage/viewcontrollers/Question/OpenQuestionViewController.swift; sourceTree = "<group>"; };
		B6894D121D6B35360066C626 /* QuestionViewController.swift */ = {isa = PBXFileReference; fileEncoding = 4; lastKnownFileType = sourcecode.swift; name = QuestionViewController.swift; path = Mirage/viewcontrollers/Question/QuestionViewController.swift; sourceTree = "<group>"; };
		B6894D131D6B35360066C626 /* RankingQuestionViewController.swift */ = {isa = PBXFileReference; fileEncoding = 4; lastKnownFileType = sourcecode.swift; name = RankingQuestionViewController.swift; path = Mirage/viewcontrollers/Question/RankingQuestionViewController.swift; sourceTree = "<group>"; };
		B6894D191D6B354D0066C626 /* AnswersTabBarViewController.swift */ = {isa = PBXFileReference; fileEncoding = 4; lastKnownFileType = sourcecode.swift; name = AnswersTabBarViewController.swift; path = Mirage/viewcontrollers/tabbarviewcontrollers/AnswersTabBarViewController.swift; sourceTree = "<group>"; };
		B6894D1B1D6B358E0066C626 /* AnswerCell.swift */ = {isa = PBXFileReference; fileEncoding = 4; lastKnownFileType = sourcecode.swift; name = AnswerCell.swift; path = Mirage/viewcontrollers/tableviewcell/AnswerCell.swift; sourceTree = "<group>"; };
		B6894D1D1D6B35920066C626 /* InstructionCell.swift */ = {isa = PBXFileReference; fileEncoding = 4; lastKnownFileType = sourcecode.swift; name = InstructionCell.swift; path = Mirage/viewcontrollers/tableviewcell/InstructionCell.swift; sourceTree = "<group>"; };
		B6894D1F1D6B35970066C626 /* PresentationCell.swift */ = {isa = PBXFileReference; fileEncoding = 4; lastKnownFileType = sourcecode.swift; name = PresentationCell.swift; path = Mirage/viewcontrollers/tableviewcell/PresentationCell.swift; sourceTree = "<group>"; };
		B6894D211D6B359A0066C626 /* QuestionCell.swift */ = {isa = PBXFileReference; fileEncoding = 4; lastKnownFileType = sourcecode.swift; name = QuestionCell.swift; path = Mirage/viewcontrollers/tableviewcell/QuestionCell.swift; sourceTree = "<group>"; };
		B6B61E661D4F702000DF9D2A /* Login.swift */ = {isa = PBXFileReference; fileEncoding = 4; lastKnownFileType = sourcecode.swift; name = Login.swift; path = Mirage/models/Login.swift; sourceTree = "<group>"; };
/* End PBXFileReference section */

/* Begin PBXFrameworksBuildPhase section */
		85BADF861C9054E6000B8989 /* Frameworks */ = {
			isa = PBXFrameworksBuildPhase;
			buildActionMask = 2147483647;
			files = (
			);
			runOnlyForDeploymentPostprocessing = 0;
		};
		85BADF9A1C9054E6000B8989 /* Frameworks */ = {
			isa = PBXFrameworksBuildPhase;
			buildActionMask = 2147483647;
			files = (
			);
			runOnlyForDeploymentPostprocessing = 0;
		};
		85BADFA51C9054E6000B8989 /* Frameworks */ = {
			isa = PBXFrameworksBuildPhase;
			buildActionMask = 2147483647;
			files = (
			);
			runOnlyForDeploymentPostprocessing = 0;
		};
/* End PBXFrameworksBuildPhase section */

/* Begin PBXGroup section */
		85BADF801C9054E6000B8989 = {
			isa = PBXGroup;
			children = (
				B6894CE51D6B340A0066C626 /* AttachmentAnswerViewController.xib */,
				B6894CE61D6B340A0066C626 /* AudioAnswerViewController.xib */,
				B6894CE71D6B340A0066C626 /* CreateAnswerViewController.xib */,
				B6894CE81D6B340A0066C626 /* TextAnswerViewController.xib */,
				B6894CE91D6B340A0066C626 /* VideoAnswerViewController.xib */,
				B6894CEF1D6B34190066C626 /* InstructionViewController.xib */,
				B619D09D1D0EF4F8001CE3A9 /* ClosedPresentationViewController.xib */,
				B65239B21D65DF0F00CA19A8 /* CreatePresentationViewController.xib */,
				B619D09F1D0EF4F8001CE3A9 /* OpenPresentationViewController.xib */,
				B6894CF11D6B34420066C626 /* ClosedQuestionViewController.xib */,
				B6894CF21D6B34420066C626 /* CreateQuestionViewController.xib */,
				B6894CF31D6B34420066C626 /* OpenQuestionViewController.xib */,
				B6894CF41D6B34420066C626 /* QuestionViewController.xib */,
				B6894CF51D6B34420066C626 /* RankingDoubtViewController.xib */,
				B6894CFB1D6B34580066C626 /* AnswersTabBarViewController.xib */,
				85D8DABC1CD104780069C6CE /* PresentationsTabBarController.xib */,
				B62640B11D667F31008AA819 /* QuestionsTabBarViewController.xib */,
				B6894CFD1D6B34700066C626 /* AnswerCell.xib */,
				B6894CFE1D6B34700066C626 /* InstructionCell.xib */,
				85D3CF351CD102B10058CCFF /* PresentationCell.xib */,
				B6894D011D6B34790066C626 /* QuestionCell.xib */,
				85FC78831CF3387D001E2696 /* SWRevealViewController.h */,
				85FC78841CF33881001E2696 /* SWRevealViewController.m */,
				B6894D031D6B34BB0066C626 /* AttachmentAnswerViewController.swift */,
				B6894D041D6B34BB0066C626 /* AudioAnswerViewController.swift */,
				B6894D051D6B34BB0066C626 /* CreateAnswerViewController.swift */,
				B6894D061D6B34BB0066C626 /* TextAnswerViewController.swift */,
				B6894D071D6B34BB0066C626 /* VideoAnswerViewController.swift */,
				B60321A71D14B386006FCCEB /* DefaultViewController.swift */,
				B6894D0D1D6B34D40066C626 /* InstructionViewController.swift */,
				B619D07F1D0EF477001CE3A9 /* MenuTableViewController.swift */,
				B619D0801D0EF477001CE3A9 /* RecoverPasswordViewController.swift */,
				B619D0811D0EF477001CE3A9 /* RegisterViewController.swift */,
				B619D0871D0EF489001CE3A9 /* ClosedPresentationViewController.swift */,
				B65239B41D65E06500CA19A8 /* CreatePresentationViewController.swift */,
				B619D0891D0EF489001CE3A9 /* OpenPresentationViewController.swift */,
				B6894D0F1D6B35360066C626 /* ClosedQuestionViewController.swift */,
				B6894D101D6B35360066C626 /* CreateQuestionViewController.swift */,
				B6894D111D6B35360066C626 /* OpenQuestionViewController.swift */,
				B6894D121D6B35360066C626 /* QuestionViewController.swift */,
				B6894D131D6B35360066C626 /* RankingQuestionViewController.swift */,
				B6894D191D6B354D0066C626 /* AnswersTabBarViewController.swift */,
				B619D0AF1D0EF76F001CE3A9 /* PresentationsTabBarController.swift */,
				B62640AF1D667F0D008AA819 /* QuestionsTabBarViewController.swift */,
				B6894D1B1D6B358E0066C626 /* AnswerCell.swift */,
				B6894D1D1D6B35920066C626 /* InstructionCell.swift */,
				B6894D1F1D6B35970066C626 /* PresentationCell.swift */,
				B6894D211D6B359A0066C626 /* QuestionCell.swift */,
				85E3488A1CE4BD5B00DCD6C1 /* ColorUtil.swift */,
				852F5C2E1CFC7C49004178A8 /* DateUtil.swift */,
				85C35F9C1CEDE47D008F0526 /* ImageUtil.swift */,
				85BADFD71C905710000B8989 /* Server.swift */,
				8516A7EF1CF7C4F000168B25 /* StringUtil.swift */,
				B64A66131D536CC500BB5F90 /* Answer.swift */,
				B6719A0B1D08589000D882BC /* Contributions.swift */,
				8575C0F21C9300E200FCAD85 /* Event.swift */,
				B686217E1D52302400C49F24 /* Instruction.swift */,
				B675321C1D50D410006827BC /* Lecture.swift */,
				B6B61E661D4F702000DF9D2A /* Login.swift */,
				B6719A0D1D08591300D882BC /* MCMaterial.swift */,
				859748301CABF6CD007A7481 /* Person.swift */,
				859748321CAC173B007A7481 /* Presentation.swift */,
				B64A66151D536CDD00BB5F90 /* Question.swift */,
				B64C19511D5CA45200368876 /* User.swift */,
				85BADF8B1C9054E6000B8989 /* Mirage */,
				85BADFA01C9054E6000B8989 /* MirageTests */,
				85BADFAB1C9054E6000B8989 /* MirageUITests */,
				85BADF8A1C9054E6000B8989 /* Products */,
			);
			sourceTree = "<group>";
		};
		85BADF8A1C9054E6000B8989 /* Products */ = {
			isa = PBXGroup;
			children = (
				85BADF891C9054E6000B8989 /* Mirage.app */,
				85BADF9D1C9054E6000B8989 /* MirageTests.xctest */,
				85BADFA81C9054E6000B8989 /* MirageUITests.xctest */,
			);
			name = Products;
			sourceTree = "<group>";
		};
		85BADF8B1C9054E6000B8989 /* Mirage */ = {
			isa = PBXGroup;
			children = (
				85FC78801CF3385B001E2696 /* SWRevealViewController */,
				85E1A7591CB538960094F000 /* view */,
				85BADFC71C9055A8000B8989 /* viewcontrollers */,
				85BADFC51C90559A000B8989 /* util */,
				85BADFC31C905593000B8989 /* models */,
				85BADFBF1C905577000B8989 /* AppDelegate.swift */,
				85BADFC11C90557C000B8989 /* ViewController.swift */,
				85BADFCB1C9056B8000B8989 /* Main.storyboard */,
				8516A7ED1CF7775300168B25 /* Assets.xcassets */,
				85BADFC91C9055BB000B8989 /* Info.plist */,
				85BADFCE1C9056BF000B8989 /* LaunchScreen.storyboard */,
				85BADFBE1C905577000B8989 /* Mirage-Bridging-Header.h */,
			);
			path = Mirage;
			sourceTree = "<group>";
		};
		85BADFA01C9054E6000B8989 /* MirageTests */ = {
			isa = PBXGroup;
			children = (
				85BADFA11C9054E6000B8989 /* MirageTests.swift */,
				85BADFA31C9054E6000B8989 /* Info.plist */,
			);
			path = MirageTests;
			sourceTree = "<group>";
		};
		85BADFAB1C9054E6000B8989 /* MirageUITests */ = {
			isa = PBXGroup;
			children = (
				85BADFAC1C9054E6000B8989 /* MirageUITests.swift */,
				85BADFAE1C9054E6000B8989 /* Info.plist */,
			);
			path = MirageUITests;
			sourceTree = "<group>";
		};
/* End PBXGroup section */

/* Begin PBXNativeTarget section */
		85BADF881C9054E6000B8989 /* Mirage */ = {
			isa = PBXNativeTarget;
			buildConfigurationList = 85BADFB11C9054E6000B8989 /* Build configuration list for PBXNativeTarget "Mirage" */;
			buildPhases = (
				85BADF851C9054E6000B8989 /* Sources */,
				85BADF861C9054E6000B8989 /* Frameworks */,
				85BADF871C9054E6000B8989 /* Resources */,
			);
			buildRules = (
			);
			dependencies = (
			);
			name = Mirage;
			productName = Mirage;
			productReference = 85BADF891C9054E6000B8989 /* Mirage.app */;
			productType = "com.apple.product-type.application";
		};
		85BADF9C1C9054E6000B8989 /* MirageTests */ = {
			isa = PBXNativeTarget;
			buildConfigurationList = 85BADFB41C9054E6000B8989 /* Build configuration list for PBXNativeTarget "MirageTests" */;
			buildPhases = (
				85BADF991C9054E6000B8989 /* Sources */,
				85BADF9A1C9054E6000B8989 /* Frameworks */,
				85BADF9B1C9054E6000B8989 /* Resources */,
			);
			buildRules = (
			);
			dependencies = (
				85BADF9F1C9054E6000B8989 /* PBXTargetDependency */,
			);
			name = MirageTests;
			productName = MirageTests;
			productReference = 85BADF9D1C9054E6000B8989 /* MirageTests.xctest */;
			productType = "com.apple.product-type.bundle.unit-test";
		};
		85BADFA71C9054E6000B8989 /* MirageUITests */ = {
			isa = PBXNativeTarget;
			buildConfigurationList = 85BADFB71C9054E6000B8989 /* Build configuration list for PBXNativeTarget "MirageUITests" */;
			buildPhases = (
				85BADFA41C9054E6000B8989 /* Sources */,
				85BADFA51C9054E6000B8989 /* Frameworks */,
				85BADFA61C9054E6000B8989 /* Resources */,
			);
			buildRules = (
			);
			dependencies = (
				85BADFAA1C9054E6000B8989 /* PBXTargetDependency */,
			);
			name = MirageUITests;
			productName = MirageUITests;
			productReference = 85BADFA81C9054E6000B8989 /* MirageUITests.xctest */;
			productType = "com.apple.product-type.bundle.ui-testing";
		};
/* End PBXNativeTarget section */

/* Begin PBXProject section */
		85BADF811C9054E6000B8989 /* Project object */ = {
			isa = PBXProject;
			attributes = {
				LastSwiftUpdateCheck = 0720;
				LastUpgradeCheck = 0730;
				ORGANIZATIONNAME = "Siena Idea";
				TargetAttributes = {
					85BADF881C9054E6000B8989 = {
						CreatedOnToolsVersion = 7.2.1;
						DevelopmentTeam = 7BG9GK9Z62;
					};
					85BADF9C1C9054E6000B8989 = {
						CreatedOnToolsVersion = 7.2.1;
						DevelopmentTeam = 7BG9GK9Z62;
						TestTargetID = 85BADF881C9054E6000B8989;
					};
					85BADFA71C9054E6000B8989 = {
						CreatedOnToolsVersion = 7.2.1;
						DevelopmentTeam = 7BG9GK9Z62;
						TestTargetID = 85BADF881C9054E6000B8989;
					};
				};
			};
			buildConfigurationList = 85BADF841C9054E6000B8989 /* Build configuration list for PBXProject "Mirage" */;
			compatibilityVersion = "Xcode 3.2";
			developmentRegion = English;
			hasScannedForEncodings = 0;
			knownRegions = (
				en,
				Base,
			);
			mainGroup = 85BADF801C9054E6000B8989;
			productRefGroup = 85BADF8A1C9054E6000B8989 /* Products */;
			projectDirPath = "";
			projectRoot = "";
			targets = (
				85BADF881C9054E6000B8989 /* Mirage */,
				85BADF9C1C9054E6000B8989 /* MirageTests */,
				85BADFA71C9054E6000B8989 /* MirageUITests */,
			);
		};
/* End PBXProject section */

/* Begin PBXResourcesBuildPhase section */
		85BADF871C9054E6000B8989 /* Resources */ = {
			isa = PBXResourcesBuildPhase;
			buildActionMask = 2147483647;
			files = (
				B6894CF81D6B34420066C626 /* OpenQuestionViewController.xib in Resources */,
				8516A7EE1CF7775300168B25 /* Assets.xcassets in Resources */,
				B6894CF91D6B34420066C626 /* QuestionViewController.xib in Resources */,
				85BADFC81C9055A8000B8989 /* viewcontrollers in Resources */,
				B6894CF71D6B34420066C626 /* CreateQuestionViewController.xib in Resources */,
				85D3CF361CD102B10058CCFF /* PresentationCell.xib in Resources */,
				B6894D001D6B34700066C626 /* InstructionCell.xib in Resources */,
				B6894CEC1D6B340A0066C626 /* CreateAnswerViewController.xib in Resources */,
				B619D0AC1D0EF4F8001CE3A9 /* OpenPresentationViewController.xib in Resources */,
				B6894CF61D6B34420066C626 /* ClosedQuestionViewController.xib in Resources */,
				B65239B31D65DF0F00CA19A8 /* CreatePresentationViewController.xib in Resources */,
				85FC78811CF3385B001E2696 /* SWRevealViewController in Resources */,
				B6894CF01D6B34190066C626 /* InstructionViewController.xib in Resources */,
				B6894CFC1D6B34580066C626 /* AnswersTabBarViewController.xib in Resources */,
				B6894CEA1D6B340A0066C626 /* AttachmentAnswerViewController.xib in Resources */,
				B619D0AA1D0EF4F8001CE3A9 /* ClosedPresentationViewController.xib in Resources */,
				B6894CEE1D6B340A0066C626 /* VideoAnswerViewController.xib in Resources */,
				85D8DABD1CD104780069C6CE /* PresentationsTabBarController.xib in Resources */,
				85BADFC61C90559A000B8989 /* util in Resources */,
				85BADFC41C905593000B8989 /* models in Resources */,
				85E1A75A1CB538960094F000 /* view in Resources */,
				B62640B21D667F31008AA819 /* QuestionsTabBarViewController.xib in Resources */,
				85BADFCD1C9056B8000B8989 /* Main.storyboard in Resources */,
				B6894CFF1D6B34700066C626 /* AnswerCell.xib in Resources */,
				85BADFD01C9056BF000B8989 /* LaunchScreen.storyboard in Resources */,
				B6894CFA1D6B34420066C626 /* RankingDoubtViewController.xib in Resources */,
				B6894D021D6B34790066C626 /* QuestionCell.xib in Resources */,
				B6894CEB1D6B340A0066C626 /* AudioAnswerViewController.xib in Resources */,
				B6894CED1D6B340A0066C626 /* TextAnswerViewController.xib in Resources */,
			);
			runOnlyForDeploymentPostprocessing = 0;
		};
		85BADF9B1C9054E6000B8989 /* Resources */ = {
			isa = PBXResourcesBuildPhase;
			buildActionMask = 2147483647;
			files = (
			);
			runOnlyForDeploymentPostprocessing = 0;
		};
		85BADFA61C9054E6000B8989 /* Resources */ = {
			isa = PBXResourcesBuildPhase;
			buildActionMask = 2147483647;
			files = (
			);
			runOnlyForDeploymentPostprocessing = 0;
		};
/* End PBXResourcesBuildPhase section */

/* Begin PBXSourcesBuildPhase section */
		85BADF851C9054E6000B8989 /* Sources */ = {
			isa = PBXSourcesBuildPhase;
			buildActionMask = 2147483647;
			files = (
				B6894D171D6B35360066C626 /* QuestionViewController.swift in Sources */,
				B64A66141D536CC500BB5F90 /* Answer.swift in Sources */,
				B619D0831D0EF477001CE3A9 /* MenuTableViewController.swift in Sources */,
				8516A7F01CF7C4F000168B25 /* StringUtil.swift in Sources */,
				8575C0F31C9300E200FCAD85 /* Event.swift in Sources */,
				859748331CAC173B007A7481 /* Presentation.swift in Sources */,
				B6894D091D6B34BB0066C626 /* AudioAnswerViewController.swift in Sources */,
				85FC78851CF33881001E2696 /* SWRevealViewController.m in Sources */,
				859748311CABF6CD007A7481 /* Person.swift in Sources */,
				B62640B01D667F0D008AA819 /* QuestionsTabBarViewController.swift in Sources */,
				B6894D201D6B35970066C626 /* PresentationCell.swift in Sources */,
				B6894D0C1D6B34BB0066C626 /* VideoAnswerViewController.swift in Sources */,
				B6894D141D6B35360066C626 /* ClosedQuestionViewController.swift in Sources */,
				B6894D1C1D6B358E0066C626 /* AnswerCell.swift in Sources */,
				B619D0841D0EF477001CE3A9 /* RecoverPasswordViewController.swift in Sources */,
				B619D08F1D0EF489001CE3A9 /* OpenPresentationViewController.swift in Sources */,
				B6B61E671D4F702000DF9D2A /* Login.swift in Sources */,
				B6894D0A1D6B34BB0066C626 /* CreateAnswerViewController.swift in Sources */,
				B6894D181D6B35360066C626 /* RankingQuestionViewController.swift in Sources */,
				B6894D0B1D6B34BB0066C626 /* TextAnswerViewController.swift in Sources */,
				85BADFD81C905710000B8989 /* Server.swift in Sources */,
				B6894D1E1D6B35920066C626 /* InstructionCell.swift in Sources */,
				B6894D081D6B34BB0066C626 /* AttachmentAnswerViewController.swift in Sources */,
				B675321D1D50D410006827BC /* Lecture.swift in Sources */,
				B619D0851D0EF477001CE3A9 /* RegisterViewController.swift in Sources */,
				85C35F9D1CEDE47D008F0526 /* ImageUtil.swift in Sources */,
				B686217F1D52302400C49F24 /* Instruction.swift in Sources */,
				B619D08D1D0EF489001CE3A9 /* ClosedPresentationViewController.swift in Sources */,
				85E3488B1CE4BD5B00DCD6C1 /* ColorUtil.swift in Sources */,
				B6894D221D6B359A0066C626 /* QuestionCell.swift in Sources */,
				852F5C2F1CFC7C49004178A8 /* DateUtil.swift in Sources */,
				B64C19521D5CA45200368876 /* User.swift in Sources */,
				B6894D0E1D6B34D40066C626 /* InstructionViewController.swift in Sources */,
				B619D0B21D0EF76F001CE3A9 /* PresentationsTabBarController.swift in Sources */,
				B6894D151D6B35360066C626 /* CreateQuestionViewController.swift in Sources */,
				B6719A0E1D08591300D882BC /* MCMaterial.swift in Sources */,
				B6719A0C1D08589000D882BC /* Contributions.swift in Sources */,
				B60321A81D14B386006FCCEB /* DefaultViewController.swift in Sources */,
				B6894D161D6B35360066C626 /* OpenQuestionViewController.swift in Sources */,
				85BADFC21C90557C000B8989 /* ViewController.swift in Sources */,
				B65239B51D65E06500CA19A8 /* CreatePresentationViewController.swift in Sources */,
				B64A66161D536CDD00BB5F90 /* Question.swift in Sources */,
				B6894D1A1D6B354D0066C626 /* AnswersTabBarViewController.swift in Sources */,
				85BADFC01C905577000B8989 /* AppDelegate.swift in Sources */,
			);
			runOnlyForDeploymentPostprocessing = 0;
		};
		85BADF991C9054E6000B8989 /* Sources */ = {
			isa = PBXSourcesBuildPhase;
			buildActionMask = 2147483647;
			files = (
				85BADFA21C9054E6000B8989 /* MirageTests.swift in Sources */,
			);
			runOnlyForDeploymentPostprocessing = 0;
		};
		85BADFA41C9054E6000B8989 /* Sources */ = {
			isa = PBXSourcesBuildPhase;
			buildActionMask = 2147483647;
			files = (
				85BADFAD1C9054E6000B8989 /* MirageUITests.swift in Sources */,
			);
			runOnlyForDeploymentPostprocessing = 0;
		};
/* End PBXSourcesBuildPhase section */

/* Begin PBXTargetDependency section */
		85BADF9F1C9054E6000B8989 /* PBXTargetDependency */ = {
			isa = PBXTargetDependency;
			target = 85BADF881C9054E6000B8989 /* Mirage */;
			targetProxy = 85BADF9E1C9054E6000B8989 /* PBXContainerItemProxy */;
		};
		85BADFAA1C9054E6000B8989 /* PBXTargetDependency */ = {
			isa = PBXTargetDependency;
			target = 85BADF881C9054E6000B8989 /* Mirage */;
			targetProxy = 85BADFA91C9054E6000B8989 /* PBXContainerItemProxy */;
		};
/* End PBXTargetDependency section */

/* Begin PBXVariantGroup section */
		85BADFCB1C9056B8000B8989 /* Main.storyboard */ = {
			isa = PBXVariantGroup;
			children = (
				85BADFCC1C9056B8000B8989 /* Base */,
			);
			name = Main.storyboard;
			sourceTree = "<group>";
		};
		85BADFCE1C9056BF000B8989 /* LaunchScreen.storyboard */ = {
			isa = PBXVariantGroup;
			children = (
				85BADFCF1C9056BF000B8989 /* Base */,
			);
			name = LaunchScreen.storyboard;
			sourceTree = "<group>";
		};
/* End PBXVariantGroup section */

/* Begin XCBuildConfiguration section */
		85BADFAF1C9054E6000B8989 /* Debug */ = {
			isa = XCBuildConfiguration;
			buildSettings = {
				ALWAYS_SEARCH_USER_PATHS = NO;
				CLANG_CXX_LANGUAGE_STANDARD = "gnu++0x";
				CLANG_CXX_LIBRARY = "libc++";
				CLANG_ENABLE_MODULES = YES;
				CLANG_ENABLE_OBJC_ARC = YES;
				CLANG_WARN_BOOL_CONVERSION = YES;
				CLANG_WARN_CONSTANT_CONVERSION = YES;
				CLANG_WARN_DIRECT_OBJC_ISA_USAGE = YES_ERROR;
				CLANG_WARN_EMPTY_BODY = YES;
				CLANG_WARN_ENUM_CONVERSION = YES;
				CLANG_WARN_INT_CONVERSION = YES;
				CLANG_WARN_OBJC_ROOT_CLASS = YES_ERROR;
				CLANG_WARN_UNREACHABLE_CODE = YES;
				CLANG_WARN__DUPLICATE_METHOD_MATCH = YES;
				CODE_SIGN_IDENTITY = "";
				"CODE_SIGN_IDENTITY[sdk=iphoneos*]" = "iPhone Developer";
				COPY_PHASE_STRIP = NO;
				DEBUG_INFORMATION_FORMAT = dwarf;
				ENABLE_STRICT_OBJC_MSGSEND = YES;
				ENABLE_TESTABILITY = YES;
				GCC_C_LANGUAGE_STANDARD = gnu99;
				GCC_DYNAMIC_NO_PIC = NO;
				GCC_NO_COMMON_BLOCKS = YES;
				GCC_OPTIMIZATION_LEVEL = 0;
				GCC_PREPROCESSOR_DEFINITIONS = (
					"DEBUG=1",
					"$(inherited)",
				);
				GCC_WARN_64_TO_32_BIT_CONVERSION = YES;
				GCC_WARN_ABOUT_RETURN_TYPE = YES_ERROR;
				GCC_WARN_UNDECLARED_SELECTOR = YES;
				GCC_WARN_UNINITIALIZED_AUTOS = YES_AGGRESSIVE;
				GCC_WARN_UNUSED_FUNCTION = YES;
				GCC_WARN_UNUSED_VARIABLE = YES;
				IPHONEOS_DEPLOYMENT_TARGET = 9.3;
				MTL_ENABLE_DEBUG_INFO = YES;
				ONLY_ACTIVE_ARCH = YES;
				PROVISIONING_PROFILE = "";
				SDKROOT = iphoneos;
				SWIFT_OPTIMIZATION_LEVEL = "-Onone";
			};
			name = Debug;
		};
		85BADFB01C9054E6000B8989 /* Release */ = {
			isa = XCBuildConfiguration;
			buildSettings = {
				ALWAYS_SEARCH_USER_PATHS = NO;
				CLANG_CXX_LANGUAGE_STANDARD = "gnu++0x";
				CLANG_CXX_LIBRARY = "libc++";
				CLANG_ENABLE_MODULES = YES;
				CLANG_ENABLE_OBJC_ARC = YES;
				CLANG_WARN_BOOL_CONVERSION = YES;
				CLANG_WARN_CONSTANT_CONVERSION = YES;
				CLANG_WARN_DIRECT_OBJC_ISA_USAGE = YES_ERROR;
				CLANG_WARN_EMPTY_BODY = YES;
				CLANG_WARN_ENUM_CONVERSION = YES;
				CLANG_WARN_INT_CONVERSION = YES;
				CLANG_WARN_OBJC_ROOT_CLASS = YES_ERROR;
				CLANG_WARN_UNREACHABLE_CODE = YES;
				CLANG_WARN__DUPLICATE_METHOD_MATCH = YES;
				CODE_SIGN_IDENTITY = "";
				"CODE_SIGN_IDENTITY[sdk=iphoneos*]" = "iPhone Developer";
				COPY_PHASE_STRIP = NO;
				DEBUG_INFORMATION_FORMAT = "dwarf-with-dsym";
				ENABLE_NS_ASSERTIONS = NO;
				ENABLE_STRICT_OBJC_MSGSEND = YES;
				GCC_C_LANGUAGE_STANDARD = gnu99;
				GCC_NO_COMMON_BLOCKS = YES;
				GCC_WARN_64_TO_32_BIT_CONVERSION = YES;
				GCC_WARN_ABOUT_RETURN_TYPE = YES_ERROR;
				GCC_WARN_UNDECLARED_SELECTOR = YES;
				GCC_WARN_UNINITIALIZED_AUTOS = YES_AGGRESSIVE;
				GCC_WARN_UNUSED_FUNCTION = YES;
				GCC_WARN_UNUSED_VARIABLE = YES;
				IPHONEOS_DEPLOYMENT_TARGET = 9.3;
				MTL_ENABLE_DEBUG_INFO = NO;
				PROVISIONING_PROFILE = "";
				SDKROOT = iphoneos;
				VALIDATE_PRODUCT = YES;
			};
			name = Release;
		};
		85BADFB21C9054E6000B8989 /* Debug */ = {
			isa = XCBuildConfiguration;
			buildSettings = {
				ASSETCATALOG_COMPILER_APPICON_NAME = AppIcon;
				CLANG_ENABLE_MODULES = YES;
				CODE_SIGN_IDENTITY = "iPhone Developer";
				"CODE_SIGN_IDENTITY[sdk=iphoneos*]" = "iPhone Developer";
				INFOPLIST_FILE = Mirage/Info.plist;
				LD_RUNPATH_SEARCH_PATHS = "$(inherited) @executable_path/Frameworks";
				PRODUCT_BUNDLE_IDENTIFIER = br.com.sienaidea.Mirage;
				PRODUCT_NAME = "$(TARGET_NAME)";
				PROVISIONING_PROFILE = "";
				SWIFT_OBJC_BRIDGING_HEADER = "Mirage/Mirage-Bridging-Header.h";
				SWIFT_OPTIMIZATION_LEVEL = "-Onone";
				TARGETED_DEVICE_FAMILY = "1,2";
			};
			name = Debug;
		};
		85BADFB31C9054E6000B8989 /* Release */ = {
			isa = XCBuildConfiguration;
			buildSettings = {
				ASSETCATALOG_COMPILER_APPICON_NAME = AppIcon;
				CLANG_ENABLE_MODULES = YES;
				CODE_SIGN_IDENTITY = "iPhone Developer";
				"CODE_SIGN_IDENTITY[sdk=iphoneos*]" = "iPhone Developer";
				INFOPLIST_FILE = Mirage/Info.plist;
				LD_RUNPATH_SEARCH_PATHS = "$(inherited) @executable_path/Frameworks";
				PRODUCT_BUNDLE_IDENTIFIER = br.com.sienaidea.Mirage;
				PRODUCT_NAME = "$(TARGET_NAME)";
				PROVISIONING_PROFILE = "";
				SWIFT_OBJC_BRIDGING_HEADER = "Mirage/Mirage-Bridging-Header.h";
				TARGETED_DEVICE_FAMILY = "1,2";
			};
			name = Release;
		};
		85BADFB51C9054E6000B8989 /* Debug */ = {
			isa = XCBuildConfiguration;
			buildSettings = {
				BUNDLE_LOADER = "$(TEST_HOST)";
				INFOPLIST_FILE = MirageTests/Info.plist;
				LD_RUNPATH_SEARCH_PATHS = "$(inherited) @executable_path/Frameworks @loader_path/Frameworks";
				PRODUCT_BUNDLE_IDENTIFIER = br.com.sienaidea.MirageTests;
				PRODUCT_NAME = "$(TARGET_NAME)";
				TEST_HOST = "$(BUILT_PRODUCTS_DIR)/Mirage.app/Mirage";
			};
			name = Debug;
		};
		85BADFB61C9054E6000B8989 /* Release */ = {
			isa = XCBuildConfiguration;
			buildSettings = {
				BUNDLE_LOADER = "$(TEST_HOST)";
				INFOPLIST_FILE = MirageTests/Info.plist;
				LD_RUNPATH_SEARCH_PATHS = "$(inherited) @executable_path/Frameworks @loader_path/Frameworks";
				PRODUCT_BUNDLE_IDENTIFIER = br.com.sienaidea.MirageTests;
				PRODUCT_NAME = "$(TARGET_NAME)";
				TEST_HOST = "$(BUILT_PRODUCTS_DIR)/Mirage.app/Mirage";
			};
			name = Release;
		};
		85BADFB81C9054E6000B8989 /* Debug */ = {
			isa = XCBuildConfiguration;
			buildSettings = {
				INFOPLIST_FILE = MirageUITests/Info.plist;
				LD_RUNPATH_SEARCH_PATHS = "$(inherited) @executable_path/Frameworks @loader_path/Frameworks";
				PRODUCT_BUNDLE_IDENTIFIER = br.com.sienaidea.MirageUITests;
				PRODUCT_NAME = "$(TARGET_NAME)";
				TEST_TARGET_NAME = Mirage;
				USES_XCTRUNNER = YES;
			};
			name = Debug;
		};
		85BADFB91C9054E6000B8989 /* Release */ = {
			isa = XCBuildConfiguration;
			buildSettings = {
				INFOPLIST_FILE = MirageUITests/Info.plist;
				LD_RUNPATH_SEARCH_PATHS = "$(inherited) @executable_path/Frameworks @loader_path/Frameworks";
				PRODUCT_BUNDLE_IDENTIFIER = br.com.sienaidea.MirageUITests;
				PRODUCT_NAME = "$(TARGET_NAME)";
				TEST_TARGET_NAME = Mirage;
				USES_XCTRUNNER = YES;
			};
			name = Release;
		};
/* End XCBuildConfiguration section */

/* Begin XCConfigurationList section */
		85BADF841C9054E6000B8989 /* Build configuration list for PBXProject "Mirage" */ = {
			isa = XCConfigurationList;
			buildConfigurations = (
				85BADFAF1C9054E6000B8989 /* Debug */,
				85BADFB01C9054E6000B8989 /* Release */,
			);
			defaultConfigurationIsVisible = 0;
			defaultConfigurationName = Release;
		};
		85BADFB11C9054E6000B8989 /* Build configuration list for PBXNativeTarget "Mirage" */ = {
			isa = XCConfigurationList;
			buildConfigurations = (
				85BADFB21C9054E6000B8989 /* Debug */,
				85BADFB31C9054E6000B8989 /* Release */,
			);
			defaultConfigurationIsVisible = 0;
			defaultConfigurationName = Release;
		};
		85BADFB41C9054E6000B8989 /* Build configuration list for PBXNativeTarget "MirageTests" */ = {
			isa = XCConfigurationList;
			buildConfigurations = (
				85BADFB51C9054E6000B8989 /* Debug */,
				85BADFB61C9054E6000B8989 /* Release */,
			);
			defaultConfigurationIsVisible = 0;
			defaultConfigurationName = Release;
		};
		85BADFB71C9054E6000B8989 /* Build configuration list for PBXNativeTarget "MirageUITests" */ = {
			isa = XCConfigurationList;
			buildConfigurations = (
				85BADFB81C9054E6000B8989 /* Debug */,
				85BADFB91C9054E6000B8989 /* Release */,
			);
			defaultConfigurationIsVisible = 0;
			defaultConfigurationName = Release;
		};
/* End XCConfigurationList section */
	};
	rootObject = 85BADF811C9054E6000B8989 /* Project object */;
}
