// !$*UTF8*$!
{
	archiveVersion = 1;
	classes = {
	};
	objectVersion = 46;
	objects = {

/* Begin PBXBuildFile section */
		856A2B461CBBE9B100BF4CD9 /* CreateNewPresentationViewController.swift in Sources */ = {isa = PBXBuildFile; fileRef = 856A2B441CBBE9B100BF4CD9 /* CreateNewPresentationViewController.swift */; };
		8570F5281CDA9CE0000E41B4 /* OpenDoubtViewController.swift in Sources */ = {isa = PBXBuildFile; fileRef = 8570F5261CDA9CE0000E41B4 /* OpenDoubtViewController.swift */; };
		8570F52B1CDA9ED5000E41B4 /* OpenDoubtViewController.xib in Resources */ = {isa = PBXBuildFile; fileRef = 8570F52A1CDA9ED5000E41B4 /* OpenDoubtViewController.xib */; };
		8575C0F31C9300E200FCAD85 /* Event.swift in Sources */ = {isa = PBXBuildFile; fileRef = 8575C0F21C9300E200FCAD85 /* Event.swift */; };
		859748311CABF6CD007A7481 /* Person.swift in Sources */ = {isa = PBXBuildFile; fileRef = 859748301CABF6CD007A7481 /* Person.swift */; };
		859748331CAC173B007A7481 /* Presentation.swift in Sources */ = {isa = PBXBuildFile; fileRef = 859748321CAC173B007A7481 /* Presentation.swift */; };
		85BADF941C9054E6000B8989 /* Assets.xcassets in Resources */ = {isa = PBXBuildFile; fileRef = 85BADF931C9054E6000B8989 /* Assets.xcassets */; };
		85BADFA21C9054E6000B8989 /* MirageTests.swift in Sources */ = {isa = PBXBuildFile; fileRef = 85BADFA11C9054E6000B8989 /* MirageTests.swift */; };
		85BADFAD1C9054E6000B8989 /* MirageUITests.swift in Sources */ = {isa = PBXBuildFile; fileRef = 85BADFAC1C9054E6000B8989 /* MirageUITests.swift */; };
		85BADFC01C905577000B8989 /* AppDelegate.swift in Sources */ = {isa = PBXBuildFile; fileRef = 85BADFBF1C905577000B8989 /* AppDelegate.swift */; };
		85BADFC21C90557C000B8989 /* ViewController.swift in Sources */ = {isa = PBXBuildFile; fileRef = 85BADFC11C90557C000B8989 /* ViewController.swift */; };
		85BADFC41C905593000B8989 /* models in Resources */ = {isa = PBXBuildFile; fileRef = 85BADFC31C905593000B8989 /* models */; };
		85BADFC61C90559A000B8989 /* util in Resources */ = {isa = PBXBuildFile; fileRef = 85BADFC51C90559A000B8989 /* util */; };
		85BADFC81C9055A8000B8989 /* viewcontrollers in Resources */ = {isa = PBXBuildFile; fileRef = 85BADFC71C9055A8000B8989 /* viewcontrollers */; };
		85BADFCD1C9056B8000B8989 /* Main.storyboard in Resources */ = {isa = PBXBuildFile; fileRef = 85BADFCB1C9056B8000B8989 /* Main.storyboard */; };
		85BADFD01C9056BF000B8989 /* LaunchScreen.storyboard in Resources */ = {isa = PBXBuildFile; fileRef = 85BADFCE1C9056BF000B8989 /* LaunchScreen.storyboard */; };
		85BADFD51C9056F7000B8989 /* RecoverPasswordViewController.swift in Sources */ = {isa = PBXBuildFile; fileRef = 85BADFD21C9056F7000B8989 /* RecoverPasswordViewController.swift */; };
		85BADFD61C9056F7000B8989 /* RegisterViewController.swift in Sources */ = {isa = PBXBuildFile; fileRef = 85BADFD31C9056F7000B8989 /* RegisterViewController.swift */; };
		85BADFD81C905710000B8989 /* Server.swift in Sources */ = {isa = PBXBuildFile; fileRef = 85BADFD71C905710000B8989 /* Server.swift */; };
		85C2F9591CC85646006CE08E /* ClosedPresentationViewController.swift in Sources */ = {isa = PBXBuildFile; fileRef = 85C2F9571CC85646006CE08E /* ClosedPresentationViewController.swift */; };
		85C2F95C1CC86727006CE08E /* ClosedPresentationViewController.xib in Resources */ = {isa = PBXBuildFile; fileRef = 85C2F95B1CC86727006CE08E /* ClosedPresentationViewController.xib */; };
		85C766AA1CD1A7370026AE36 /* OpenPresentationViewController.swift in Sources */ = {isa = PBXBuildFile; fileRef = 85C766A81CD1A7370026AE36 /* OpenPresentationViewController.swift */; };
		85C766AD1CD1A90D0026AE36 /* OpenPresentationViewController.xib in Resources */ = {isa = PBXBuildFile; fileRef = 85C766AC1CD1A90D0026AE36 /* OpenPresentationViewController.xib */; };
		85CA80741CD7754500194E67 /* MenuViewController.swift in Sources */ = {isa = PBXBuildFile; fileRef = 85CA80721CD7754500194E67 /* MenuViewController.swift */; };
		85CA80771CD77D5600194E67 /* MenuViewController.xib in Resources */ = {isa = PBXBuildFile; fileRef = 85CA80761CD77D5600194E67 /* MenuViewController.xib */; };
		85CA807F1CD7834400194E67 /* BaseViewController.swift in Sources */ = {isa = PBXBuildFile; fileRef = 85CA807E1CD7834400194E67 /* BaseViewController.swift */; };
		85CA80841CD7913200194E67 /* DoubtTableViewCell.swift in Sources */ = {isa = PBXBuildFile; fileRef = 85CA80821CD7913200194E67 /* DoubtTableViewCell.swift */; };
		85CA80871CD7914C00194E67 /* DoubtTableViewCell.xib in Resources */ = {isa = PBXBuildFile; fileRef = 85CA80861CD7914C00194E67 /* DoubtTableViewCell.xib */; };
		85D3CF1B1CD0F1EF0058CCFF /* DoubtViewController.swift in Sources */ = {isa = PBXBuildFile; fileRef = 85D3CF191CD0F1EF0058CCFF /* DoubtViewController.swift */; };
		85D3CF1E1CD0F2130058CCFF /* DoubtViewController.xib in Resources */ = {isa = PBXBuildFile; fileRef = 85D3CF1D1CD0F2130058CCFF /* DoubtViewController.xib */; };
		85D3CF201CD0FE090058CCFF /* Doubt.swift in Sources */ = {isa = PBXBuildFile; fileRef = 85D3CF1F1CD0FE090058CCFF /* Doubt.swift */; };
		85D3CF281CD100EE0058CCFF /* DoubtTabBarViewController.swift in Sources */ = {isa = PBXBuildFile; fileRef = 85D3CF271CD100EE0058CCFF /* DoubtTabBarViewController.swift */; };
		85D3CF2A1CD101070058CCFF /* PresentationsTabBarController.swift in Sources */ = {isa = PBXBuildFile; fileRef = 85D3CF291CD101070058CCFF /* PresentationsTabBarController.swift */; };
		85D3CF301CD102880058CCFF /* DisciplineTableViewCell.swift in Sources */ = {isa = PBXBuildFile; fileRef = 85D3CF2F1CD102880058CCFF /* DisciplineTableViewCell.swift */; };
		85D3CF321CD1028D0058CCFF /* PresentationTableViewCell.swift in Sources */ = {isa = PBXBuildFile; fileRef = 85D3CF311CD1028D0058CCFF /* PresentationTableViewCell.swift */; };
		85D3CF341CD102A90058CCFF /* DisciplineCell.xib in Resources */ = {isa = PBXBuildFile; fileRef = 85D3CF331CD102A90058CCFF /* DisciplineCell.xib */; };
		85D3CF361CD102B10058CCFF /* PresentationCell.xib in Resources */ = {isa = PBXBuildFile; fileRef = 85D3CF351CD102B10058CCFF /* PresentationCell.xib */; };
		85D8DAB91CD103510069C6CE /* DoubtTabBarViewController.xib in Resources */ = {isa = PBXBuildFile; fileRef = 85D8DAB81CD103510069C6CE /* DoubtTabBarViewController.xib */; };
		85D8DABD1CD104780069C6CE /* PresentationsTabBarController.xib in Resources */ = {isa = PBXBuildFile; fileRef = 85D8DABC1CD104780069C6CE /* PresentationsTabBarController.xib */; };
		85DA3FC51CBFE39B00458F31 /* CreateNewPresentationViewController.xib in Resources */ = {isa = PBXBuildFile; fileRef = 85DA3FC41CBFE39B00458F31 /* CreateNewPresentationViewController.xib */; };
		85E1A75A1CB538960094F000 /* view in Resources */ = {isa = PBXBuildFile; fileRef = 85E1A7591CB538960094F000 /* view */; };
		85ECF1571CC4FA4A00BF43B9 /* DisciplinesViewController.swift in Sources */ = {isa = PBXBuildFile; fileRef = 85ECF1551CC4FA4A00BF43B9 /* DisciplinesViewController.swift */; };
		85ECF15A1CC4FAEC00BF43B9 /* DisciplinesViewController.xib in Resources */ = {isa = PBXBuildFile; fileRef = 85ECF1591CC4FAEC00BF43B9 /* DisciplinesViewController.xib */; };
		85EEDA941C9C4A9800F431B1 /* Discipline.swift in Sources */ = {isa = PBXBuildFile; fileRef = 85EEDA931C9C4A9800F431B1 /* Discipline.swift */; };
/* End PBXBuildFile section */

/* Begin PBXContainerItemProxy section */
		85BADF9E1C9054E6000B8989 /* PBXContainerItemProxy */ = {
			isa = PBXContainerItemProxy;
			containerPortal = 85BADF811C9054E6000B8989 /* Project object */;
			proxyType = 1;
			remoteGlobalIDString = 85BADF881C9054E6000B8989;
			remoteInfo = Mirage;
		};
		85BADFA91C9054E6000B8989 /* PBXContainerItemProxy */ = {
			isa = PBXContainerItemProxy;
			containerPortal = 85BADF811C9054E6000B8989 /* Project object */;
			proxyType = 1;
			remoteGlobalIDString = 85BADF881C9054E6000B8989;
			remoteInfo = Mirage;
		};
/* End PBXContainerItemProxy section */

/* Begin PBXFileReference section */
		856A2B441CBBE9B100BF4CD9 /* CreateNewPresentationViewController.swift */ = {isa = PBXFileReference; fileEncoding = 4; lastKnownFileType = sourcecode.swift; name = CreateNewPresentationViewController.swift; path = Mirage/viewcontrollers/CreateNewPresentationViewController.swift; sourceTree = "<group>"; };
		8570F5261CDA9CE0000E41B4 /* OpenDoubtViewController.swift */ = {isa = PBXFileReference; fileEncoding = 4; lastKnownFileType = sourcecode.swift; name = OpenDoubtViewController.swift; path = Mirage/viewcontrollers/OpenDoubtViewController.swift; sourceTree = "<group>"; };
		8570F52A1CDA9ED5000E41B4 /* OpenDoubtViewController.xib */ = {isa = PBXFileReference; fileEncoding = 4; lastKnownFileType = file.xib; name = OpenDoubtViewController.xib; path = Mirage/view/OpenDoubtViewController.xib; sourceTree = "<group>"; };
		8575C0F21C9300E200FCAD85 /* Event.swift */ = {isa = PBXFileReference; lastKnownFileType = sourcecode.swift; name = Event.swift; path = Mirage/models/Event.swift; sourceTree = "<group>"; };
		859748301CABF6CD007A7481 /* Person.swift */ = {isa = PBXFileReference; fileEncoding = 4; lastKnownFileType = sourcecode.swift; name = Person.swift; path = Mirage/models/Person.swift; sourceTree = "<group>"; };
		859748321CAC173B007A7481 /* Presentation.swift */ = {isa = PBXFileReference; fileEncoding = 4; lastKnownFileType = sourcecode.swift; name = Presentation.swift; path = Mirage/models/Presentation.swift; sourceTree = "<group>"; };
		85BADF891C9054E6000B8989 /* Mirage.app */ = {isa = PBXFileReference; explicitFileType = wrapper.application; includeInIndex = 0; path = Mirage.app; sourceTree = BUILT_PRODUCTS_DIR; };
		85BADF931C9054E6000B8989 /* Assets.xcassets */ = {isa = PBXFileReference; lastKnownFileType = folder.assetcatalog; path = Assets.xcassets; sourceTree = "<group>"; };
		85BADF9D1C9054E6000B8989 /* MirageTests.xctest */ = {isa = PBXFileReference; explicitFileType = wrapper.cfbundle; includeInIndex = 0; path = MirageTests.xctest; sourceTree = BUILT_PRODUCTS_DIR; };
		85BADFA11C9054E6000B8989 /* MirageTests.swift */ = {isa = PBXFileReference; lastKnownFileType = sourcecode.swift; path = MirageTests.swift; sourceTree = "<group>"; };
		85BADFA31C9054E6000B8989 /* Info.plist */ = {isa = PBXFileReference; lastKnownFileType = text.plist.xml; path = Info.plist; sourceTree = "<group>"; };
		85BADFA81C9054E6000B8989 /* MirageUITests.xctest */ = {isa = PBXFileReference; explicitFileType = wrapper.cfbundle; includeInIndex = 0; path = MirageUITests.xctest; sourceTree = BUILT_PRODUCTS_DIR; };
		85BADFAC1C9054E6000B8989 /* MirageUITests.swift */ = {isa = PBXFileReference; lastKnownFileType = sourcecode.swift; path = MirageUITests.swift; sourceTree = "<group>"; };
		85BADFAE1C9054E6000B8989 /* Info.plist */ = {isa = PBXFileReference; lastKnownFileType = text.plist.xml; path = Info.plist; sourceTree = "<group>"; };
		85BADFBE1C905577000B8989 /* Mirage-Bridging-Header.h */ = {isa = PBXFileReference; lastKnownFileType = sourcecode.c.h; path = "Mirage-Bridging-Header.h"; sourceTree = "<group>"; };
		85BADFBF1C905577000B8989 /* AppDelegate.swift */ = {isa = PBXFileReference; fileEncoding = 4; lastKnownFileType = sourcecode.swift; path = AppDelegate.swift; sourceTree = "<group>"; };
		85BADFC11C90557C000B8989 /* ViewController.swift */ = {isa = PBXFileReference; fileEncoding = 4; lastKnownFileType = sourcecode.swift; path = ViewController.swift; sourceTree = "<group>"; };
		85BADFC31C905593000B8989 /* models */ = {isa = PBXFileReference; lastKnownFileType = folder; path = models; sourceTree = "<group>"; };
		85BADFC51C90559A000B8989 /* util */ = {isa = PBXFileReference; lastKnownFileType = folder; path = util; sourceTree = "<group>"; };
		85BADFC71C9055A8000B8989 /* viewcontrollers */ = {isa = PBXFileReference; lastKnownFileType = folder; path = viewcontrollers; sourceTree = "<group>"; };
		85BADFC91C9055BB000B8989 /* Info.plist */ = {isa = PBXFileReference; fileEncoding = 4; lastKnownFileType = text.plist.xml; path = Info.plist; sourceTree = "<group>"; };
		85BADFCC1C9056B8000B8989 /* Base */ = {isa = PBXFileReference; lastKnownFileType = file.storyboard; name = Base; path = Base.lproj/Main.storyboard; sourceTree = "<group>"; };
		85BADFCF1C9056BF000B8989 /* Base */ = {isa = PBXFileReference; lastKnownFileType = file.storyboard; name = Base; path = Base.lproj/LaunchScreen.storyboard; sourceTree = "<group>"; };
		85BADFD21C9056F7000B8989 /* RecoverPasswordViewController.swift */ = {isa = PBXFileReference; lastKnownFileType = sourcecode.swift; name = RecoverPasswordViewController.swift; path = Mirage/viewcontrollers/RecoverPasswordViewController.swift; sourceTree = "<group>"; };
		85BADFD31C9056F7000B8989 /* RegisterViewController.swift */ = {isa = PBXFileReference; lastKnownFileType = sourcecode.swift; name = RegisterViewController.swift; path = Mirage/viewcontrollers/RegisterViewController.swift; sourceTree = "<group>"; };
		85BADFD71C905710000B8989 /* Server.swift */ = {isa = PBXFileReference; lastKnownFileType = sourcecode.swift; name = Server.swift; path = Mirage/util/Server.swift; sourceTree = "<group>"; };
		85C2F9571CC85646006CE08E /* ClosedPresentationViewController.swift */ = {isa = PBXFileReference; fileEncoding = 4; lastKnownFileType = sourcecode.swift; name = ClosedPresentationViewController.swift; path = Mirage/viewcontrollers/ClosedPresentationViewController.swift; sourceTree = "<group>"; };
		85C2F95B1CC86727006CE08E /* ClosedPresentationViewController.xib */ = {isa = PBXFileReference; fileEncoding = 4; lastKnownFileType = file.xib; name = ClosedPresentationViewController.xib; path = Mirage/view/ClosedPresentationViewController.xib; sourceTree = "<group>"; };
		85C766A81CD1A7370026AE36 /* OpenPresentationViewController.swift */ = {isa = PBXFileReference; fileEncoding = 4; lastKnownFileType = sourcecode.swift; name = OpenPresentationViewController.swift; path = Mirage/viewcontrollers/OpenPresentationViewController.swift; sourceTree = "<group>"; };
		85C766AC1CD1A90D0026AE36 /* OpenPresentationViewController.xib */ = {isa = PBXFileReference; fileEncoding = 4; lastKnownFileType = file.xib; name = OpenPresentationViewController.xib; path = Mirage/view/OpenPresentationViewController.xib; sourceTree = "<group>"; };
		85CA80721CD7754500194E67 /* MenuViewController.swift */ = {isa = PBXFileReference; fileEncoding = 4; lastKnownFileType = sourcecode.swift; name = MenuViewController.swift; path = Mirage/viewcontrollers/MenuViewController.swift; sourceTree = "<group>"; };
		85CA80761CD77D5600194E67 /* MenuViewController.xib */ = {isa = PBXFileReference; fileEncoding = 4; lastKnownFileType = file.xib; name = MenuViewController.xib; path = Mirage/view/MenuViewController.xib; sourceTree = "<group>"; };
		85CA807E1CD7834400194E67 /* BaseViewController.swift */ = {isa = PBXFileReference; fileEncoding = 4; lastKnownFileType = sourcecode.swift; name = BaseViewController.swift; path = Mirage/viewcontrollers/BaseViewController.swift; sourceTree = "<group>"; };
		85CA80821CD7913200194E67 /* DoubtTableViewCell.swift */ = {isa = PBXFileReference; fileEncoding = 4; lastKnownFileType = sourcecode.swift; name = DoubtTableViewCell.swift; path = Mirage/viewcontrollers/tableviewcell/DoubtTableViewCell.swift; sourceTree = "<group>"; };
		85CA80861CD7914C00194E67 /* DoubtTableViewCell.xib */ = {isa = PBXFileReference; fileEncoding = 4; lastKnownFileType = file.xib; name = DoubtTableViewCell.xib; path = Mirage/view/viewcell/DoubtTableViewCell.xib; sourceTree = "<group>"; };
		85D3CF191CD0F1EF0058CCFF /* DoubtViewController.swift */ = {isa = PBXFileReference; fileEncoding = 4; lastKnownFileType = sourcecode.swift; name = DoubtViewController.swift; path = Mirage/viewcontrollers/DoubtViewController.swift; sourceTree = "<group>"; };
		85D3CF1D1CD0F2130058CCFF /* DoubtViewController.xib */ = {isa = PBXFileReference; fileEncoding = 4; lastKnownFileType = file.xib; name = DoubtViewController.xib; path = Mirage/view/DoubtViewController.xib; sourceTree = "<group>"; };
		85D3CF1F1CD0FE090058CCFF /* Doubt.swift */ = {isa = PBXFileReference; fileEncoding = 4; lastKnownFileType = sourcecode.swift; name = Doubt.swift; path = Mirage/models/Doubt.swift; sourceTree = "<group>"; };
		85D3CF271CD100EE0058CCFF /* DoubtTabBarViewController.swift */ = {isa = PBXFileReference; fileEncoding = 4; lastKnownFileType = sourcecode.swift; name = DoubtTabBarViewController.swift; path = Mirage/viewcontrollers/tabbarviewcontrollers/DoubtTabBarViewController.swift; sourceTree = "<group>"; };
		85D3CF291CD101070058CCFF /* PresentationsTabBarController.swift */ = {isa = PBXFileReference; fileEncoding = 4; lastKnownFileType = sourcecode.swift; name = PresentationsTabBarController.swift; path = Mirage/viewcontrollers/tabbarviewcontrollers/PresentationsTabBarController.swift; sourceTree = "<group>"; };
		85D3CF2F1CD102880058CCFF /* DisciplineTableViewCell.swift */ = {isa = PBXFileReference; fileEncoding = 4; lastKnownFileType = sourcecode.swift; name = DisciplineTableViewCell.swift; path = Mirage/viewcontrollers/tableviewcell/DisciplineTableViewCell.swift; sourceTree = "<group>"; };
		85D3CF311CD1028D0058CCFF /* PresentationTableViewCell.swift */ = {isa = PBXFileReference; fileEncoding = 4; lastKnownFileType = sourcecode.swift; name = PresentationTableViewCell.swift; path = Mirage/viewcontrollers/tableviewcell/PresentationTableViewCell.swift; sourceTree = "<group>"; };
		85D3CF331CD102A90058CCFF /* DisciplineCell.xib */ = {isa = PBXFileReference; fileEncoding = 4; lastKnownFileType = file.xib; name = DisciplineCell.xib; path = Mirage/view/viewcell/DisciplineCell.xib; sourceTree = "<group>"; };
		85D3CF351CD102B10058CCFF /* PresentationCell.xib */ = {isa = PBXFileReference; fileEncoding = 4; lastKnownFileType = file.xib; name = PresentationCell.xib; path = Mirage/view/viewcell/PresentationCell.xib; sourceTree = "<group>"; };
		85D8DAB81CD103510069C6CE /* DoubtTabBarViewController.xib */ = {isa = PBXFileReference; fileEncoding = 4; lastKnownFileType = file.xib; name = DoubtTabBarViewController.xib; path = Mirage/view/tabbarview/DoubtTabBarViewController.xib; sourceTree = "<group>"; };
		85D8DABC1CD104780069C6CE /* PresentationsTabBarController.xib */ = {isa = PBXFileReference; fileEncoding = 4; lastKnownFileType = file.xib; name = PresentationsTabBarController.xib; path = Mirage/view/tabbarview/PresentationsTabBarController.xib; sourceTree = "<group>"; };
		85DA3FC41CBFE39B00458F31 /* CreateNewPresentationViewController.xib */ = {isa = PBXFileReference; fileEncoding = 4; lastKnownFileType = file.xib; name = CreateNewPresentationViewController.xib; path = Mirage/view/CreateNewPresentationViewController.xib; sourceTree = "<group>"; };
		85E1A7591CB538960094F000 /* view */ = {isa = PBXFileReference; lastKnownFileType = folder; path = view; sourceTree = "<group>"; };
		85ECF1551CC4FA4A00BF43B9 /* DisciplinesViewController.swift */ = {isa = PBXFileReference; fileEncoding = 4; lastKnownFileType = sourcecode.swift; name = DisciplinesViewController.swift; path = Mirage/viewcontrollers/DisciplinesViewController.swift; sourceTree = "<group>"; };
		85ECF1591CC4FAEC00BF43B9 /* DisciplinesViewController.xib */ = {isa = PBXFileReference; fileEncoding = 4; lastKnownFileType = file.xib; name = DisciplinesViewController.xib; path = Mirage/view/DisciplinesViewController.xib; sourceTree = "<group>"; };
		85EEDA931C9C4A9800F431B1 /* Discipline.swift */ = {isa = PBXFileReference; lastKnownFileType = sourcecode.swift; name = Discipline.swift; path = Mirage/models/Discipline.swift; sourceTree = "<group>"; };
/* End PBXFileReference section */

/* Begin PBXFrameworksBuildPhase section */
		85BADF861C9054E6000B8989 /* Frameworks */ = {
			isa = PBXFrameworksBuildPhase;
			buildActionMask = 2147483647;
			files = (
			);
			runOnlyForDeploymentPostprocessing = 0;
		};
		85BADF9A1C9054E6000B8989 /* Frameworks */ = {
			isa = PBXFrameworksBuildPhase;
			buildActionMask = 2147483647;
			files = (
			);
			runOnlyForDeploymentPostprocessing = 0;
		};
		85BADFA51C9054E6000B8989 /* Frameworks */ = {
			isa = PBXFrameworksBuildPhase;
			buildActionMask = 2147483647;
			files = (
			);
			runOnlyForDeploymentPostprocessing = 0;
		};
/* End PBXFrameworksBuildPhase section */

/* Begin PBXGroup section */
		85BADF801C9054E6000B8989 = {
			isa = PBXGroup;
			children = (
				8570F5261CDA9CE0000E41B4 /* OpenDoubtViewController.swift */,
				8570F52A1CDA9ED5000E41B4 /* OpenDoubtViewController.xib */,
				85CA80821CD7913200194E67 /* DoubtTableViewCell.swift */,
				85CA80861CD7914C00194E67 /* DoubtTableViewCell.xib */,
				85CA807E1CD7834400194E67 /* BaseViewController.swift */,
				85CA80721CD7754500194E67 /* MenuViewController.swift */,
				85CA80761CD77D5600194E67 /* MenuViewController.xib */,
				85C766A81CD1A7370026AE36 /* OpenPresentationViewController.swift */,
				85C766AC1CD1A90D0026AE36 /* OpenPresentationViewController.xib */,
				85D3CF271CD100EE0058CCFF /* DoubtTabBarViewController.swift */,
				85D8DAB81CD103510069C6CE /* DoubtTabBarViewController.xib */,
				85D3CF191CD0F1EF0058CCFF /* DoubtViewController.swift */,
				85D3CF1D1CD0F2130058CCFF /* DoubtViewController.xib */,
				85C2F9571CC85646006CE08E /* ClosedPresentationViewController.swift */,
				85C2F95B1CC86727006CE08E /* ClosedPresentationViewController.xib */,
				85D3CF291CD101070058CCFF /* PresentationsTabBarController.swift */,
				85D8DABC1CD104780069C6CE /* PresentationsTabBarController.xib */,
				85ECF1551CC4FA4A00BF43B9 /* DisciplinesViewController.swift */,
				85ECF1591CC4FAEC00BF43B9 /* DisciplinesViewController.xib */,
				856A2B441CBBE9B100BF4CD9 /* CreateNewPresentationViewController.swift */,
				85DA3FC41CBFE39B00458F31 /* CreateNewPresentationViewController.xib */,
				85D3CF311CD1028D0058CCFF /* PresentationTableViewCell.swift */,
				85D3CF351CD102B10058CCFF /* PresentationCell.xib */,
				85D3CF2F1CD102880058CCFF /* DisciplineTableViewCell.swift */,
				85D3CF331CD102A90058CCFF /* DisciplineCell.xib */,
				859748321CAC173B007A7481 /* Presentation.swift */,
				859748301CABF6CD007A7481 /* Person.swift */,
				85EEDA931C9C4A9800F431B1 /* Discipline.swift */,
				85D3CF1F1CD0FE090058CCFF /* Doubt.swift */,
				8575C0F21C9300E200FCAD85 /* Event.swift */,
				85BADFD71C905710000B8989 /* Server.swift */,
				85BADFD21C9056F7000B8989 /* RecoverPasswordViewController.swift */,
				85BADFD31C9056F7000B8989 /* RegisterViewController.swift */,
				85BADF8B1C9054E6000B8989 /* Mirage */,
				85BADFA01C9054E6000B8989 /* MirageTests */,
				85BADFAB1C9054E6000B8989 /* MirageUITests */,
				85BADF8A1C9054E6000B8989 /* Products */,
			);
			sourceTree = "<group>";
		};
		85BADF8A1C9054E6000B8989 /* Products */ = {
			isa = PBXGroup;
			children = (
				85BADF891C9054E6000B8989 /* Mirage.app */,
				85BADF9D1C9054E6000B8989 /* MirageTests.xctest */,
				85BADFA81C9054E6000B8989 /* MirageUITests.xctest */,
			);
			name = Products;
			sourceTree = "<group>";
		};
		85BADF8B1C9054E6000B8989 /* Mirage */ = {
			isa = PBXGroup;
			children = (
				85E1A7591CB538960094F000 /* view */,
				85BADFC71C9055A8000B8989 /* viewcontrollers */,
				85BADFC51C90559A000B8989 /* util */,
				85BADFC31C905593000B8989 /* models */,
				85BADFC11C90557C000B8989 /* ViewController.swift */,
				85BADFBF1C905577000B8989 /* AppDelegate.swift */,
				85BADFCB1C9056B8000B8989 /* Main.storyboard */,
				85BADF931C9054E6000B8989 /* Assets.xcassets */,
				85BADFC91C9055BB000B8989 /* Info.plist */,
				85BADFCE1C9056BF000B8989 /* LaunchScreen.storyboard */,
				85BADFBE1C905577000B8989 /* Mirage-Bridging-Header.h */,
			);
			path = Mirage;
			sourceTree = "<group>";
		};
		85BADFA01C9054E6000B8989 /* MirageTests */ = {
			isa = PBXGroup;
			children = (
				85BADFA11C9054E6000B8989 /* MirageTests.swift */,
				85BADFA31C9054E6000B8989 /* Info.plist */,
			);
			path = MirageTests;
			sourceTree = "<group>";
		};
		85BADFAB1C9054E6000B8989 /* MirageUITests */ = {
			isa = PBXGroup;
			children = (
				85BADFAC1C9054E6000B8989 /* MirageUITests.swift */,
				85BADFAE1C9054E6000B8989 /* Info.plist */,
			);
			path = MirageUITests;
			sourceTree = "<group>";
		};
/* End PBXGroup section */

/* Begin PBXNativeTarget section */
		85BADF881C9054E6000B8989 /* Mirage */ = {
			isa = PBXNativeTarget;
			buildConfigurationList = 85BADFB11C9054E6000B8989 /* Build configuration list for PBXNativeTarget "Mirage" */;
			buildPhases = (
				85BADF851C9054E6000B8989 /* Sources */,
				85BADF861C9054E6000B8989 /* Frameworks */,
				85BADF871C9054E6000B8989 /* Resources */,
			);
			buildRules = (
			);
			dependencies = (
			);
			name = Mirage;
			productName = Mirage;
			productReference = 85BADF891C9054E6000B8989 /* Mirage.app */;
			productType = "com.apple.product-type.application";
		};
		85BADF9C1C9054E6000B8989 /* MirageTests */ = {
			isa = PBXNativeTarget;
			buildConfigurationList = 85BADFB41C9054E6000B8989 /* Build configuration list for PBXNativeTarget "MirageTests" */;
			buildPhases = (
				85BADF991C9054E6000B8989 /* Sources */,
				85BADF9A1C9054E6000B8989 /* Frameworks */,
				85BADF9B1C9054E6000B8989 /* Resources */,
			);
			buildRules = (
			);
			dependencies = (
				85BADF9F1C9054E6000B8989 /* PBXTargetDependency */,
			);
			name = MirageTests;
			productName = MirageTests;
			productReference = 85BADF9D1C9054E6000B8989 /* MirageTests.xctest */;
			productType = "com.apple.product-type.bundle.unit-test";
		};
		85BADFA71C9054E6000B8989 /* MirageUITests */ = {
			isa = PBXNativeTarget;
			buildConfigurationList = 85BADFB71C9054E6000B8989 /* Build configuration list for PBXNativeTarget "MirageUITests" */;
			buildPhases = (
				85BADFA41C9054E6000B8989 /* Sources */,
				85BADFA51C9054E6000B8989 /* Frameworks */,
				85BADFA61C9054E6000B8989 /* Resources */,
			);
			buildRules = (
			);
			dependencies = (
				85BADFAA1C9054E6000B8989 /* PBXTargetDependency */,
			);
			name = MirageUITests;
			productName = MirageUITests;
			productReference = 85BADFA81C9054E6000B8989 /* MirageUITests.xctest */;
			productType = "com.apple.product-type.bundle.ui-testing";
		};
/* End PBXNativeTarget section */

/* Begin PBXProject section */
		85BADF811C9054E6000B8989 /* Project object */ = {
			isa = PBXProject;
			attributes = {
				LastSwiftUpdateCheck = 0720;
				LastUpgradeCheck = 0730;
				ORGANIZATIONNAME = "Siena Idea";
				TargetAttributes = {
					85BADF881C9054E6000B8989 = {
						CreatedOnToolsVersion = 7.2.1;
						DevelopmentTeam = 7BG9GK9Z62;
					};
					85BADF9C1C9054E6000B8989 = {
						CreatedOnToolsVersion = 7.2.1;
						DevelopmentTeam = 7BG9GK9Z62;
						TestTargetID = 85BADF881C9054E6000B8989;
					};
					85BADFA71C9054E6000B8989 = {
						CreatedOnToolsVersion = 7.2.1;
						DevelopmentTeam = 7BG9GK9Z62;
						TestTargetID = 85BADF881C9054E6000B8989;
					};
				};
			};
			buildConfigurationList = 85BADF841C9054E6000B8989 /* Build configuration list for PBXProject "Mirage" */;
			compatibilityVersion = "Xcode 3.2";
			developmentRegion = English;
			hasScannedForEncodings = 0;
			knownRegions = (
				en,
				Base,
			);
			mainGroup = 85BADF801C9054E6000B8989;
			productRefGroup = 85BADF8A1C9054E6000B8989 /* Products */;
			projectDirPath = "";
			projectRoot = "";
			targets = (
				85BADF881C9054E6000B8989 /* Mirage */,
				85BADF9C1C9054E6000B8989 /* MirageTests */,
				85BADFA71C9054E6000B8989 /* MirageUITests */,
			);
		};
/* End PBXProject section */

/* Begin PBXResourcesBuildPhase section */
		85BADF871C9054E6000B8989 /* Resources */ = {
			isa = PBXResourcesBuildPhase;
			buildActionMask = 2147483647;
			files = (
				85C766AD1CD1A90D0026AE36 /* OpenPresentationViewController.xib in Resources */,
				85D8DAB91CD103510069C6CE /* DoubtTabBarViewController.xib in Resources */,
				85BADFC81C9055A8000B8989 /* viewcontrollers in Resources */,
				85D3CF361CD102B10058CCFF /* PresentationCell.xib in Resources */,
				8570F52B1CDA9ED5000E41B4 /* OpenDoubtViewController.xib in Resources */,
				85D8DABD1CD104780069C6CE /* PresentationsTabBarController.xib in Resources */,
				85DA3FC51CBFE39B00458F31 /* CreateNewPresentationViewController.xib in Resources */,
				85BADFC61C90559A000B8989 /* util in Resources */,
				85BADFC41C905593000B8989 /* models in Resources */,
				85CA80871CD7914C00194E67 /* DoubtTableViewCell.xib in Resources */,
				85D3CF1E1CD0F2130058CCFF /* DoubtViewController.xib in Resources */,
				85C2F95C1CC86727006CE08E /* ClosedPresentationViewController.xib in Resources */,
				85E1A75A1CB538960094F000 /* view in Resources */,
				85D3CF341CD102A90058CCFF /* DisciplineCell.xib in Resources */,
				85BADFCD1C9056B8000B8989 /* Main.storyboard in Resources */,
				85BADFD01C9056BF000B8989 /* LaunchScreen.storyboard in Resources */,
				85ECF15A1CC4FAEC00BF43B9 /* DisciplinesViewController.xib in Resources */,
				85CA80771CD77D5600194E67 /* MenuViewController.xib in Resources */,
				85BADF941C9054E6000B8989 /* Assets.xcassets in Resources */,
			);
			runOnlyForDeploymentPostprocessing = 0;
		};
		85BADF9B1C9054E6000B8989 /* Resources */ = {
			isa = PBXResourcesBuildPhase;
			buildActionMask = 2147483647;
			files = (
			);
			runOnlyForDeploymentPostprocessing = 0;
		};
		85BADFA61C9054E6000B8989 /* Resources */ = {
			isa = PBXResourcesBuildPhase;
			buildActionMask = 2147483647;
			files = (
			);
			runOnlyForDeploymentPostprocessing = 0;
		};
/* End PBXResourcesBuildPhase section */

/* Begin PBXSourcesBuildPhase section */
		85BADF851C9054E6000B8989 /* Sources */ = {
			isa = PBXSourcesBuildPhase;
			buildActionMask = 2147483647;
			files = (
				85D3CF1B1CD0F1EF0058CCFF /* DoubtViewController.swift in Sources */,
				85EEDA941C9C4A9800F431B1 /* Discipline.swift in Sources */,
				8575C0F31C9300E200FCAD85 /* Event.swift in Sources */,
				859748331CAC173B007A7481 /* Presentation.swift in Sources */,
				85C766AA1CD1A7370026AE36 /* OpenPresentationViewController.swift in Sources */,
				85CA807F1CD7834400194E67 /* BaseViewController.swift in Sources */,
				859748311CABF6CD007A7481 /* Person.swift in Sources */,
				85C2F9591CC85646006CE08E /* ClosedPresentationViewController.swift in Sources */,
				85ECF1571CC4FA4A00BF43B9 /* DisciplinesViewController.swift in Sources */,
				85D3CF301CD102880058CCFF /* DisciplineTableViewCell.swift in Sources */,
				85D3CF2A1CD101070058CCFF /* PresentationsTabBarController.swift in Sources */,
				85BADFD81C905710000B8989 /* Server.swift in Sources */,
				85CA80841CD7913200194E67 /* DoubtTableViewCell.swift in Sources */,
				85CA80741CD7754500194E67 /* MenuViewController.swift in Sources */,
				85BADFD51C9056F7000B8989 /* RecoverPasswordViewController.swift in Sources */,
				85BADFD61C9056F7000B8989 /* RegisterViewController.swift in Sources */,
				85D3CF321CD1028D0058CCFF /* PresentationTableViewCell.swift in Sources */,
				856A2B461CBBE9B100BF4CD9 /* CreateNewPresentationViewController.swift in Sources */,
				85BADFC21C90557C000B8989 /* ViewController.swift in Sources */,
				85D3CF201CD0FE090058CCFF /* Doubt.swift in Sources */,
				8570F5281CDA9CE0000E41B4 /* OpenDoubtViewController.swift in Sources */,
				85BADFC01C905577000B8989 /* AppDelegate.swift in Sources */,
				85D3CF281CD100EE0058CCFF /* DoubtTabBarViewController.swift in Sources */,
			);
			runOnlyForDeploymentPostprocessing = 0;
		};
		85BADF991C9054E6000B8989 /* Sources */ = {
			isa = PBXSourcesBuildPhase;
			buildActionMask = 2147483647;
			files = (
				85BADFA21C9054E6000B8989 /* MirageTests.swift in Sources */,
			);
			runOnlyForDeploymentPostprocessing = 0;
		};
		85BADFA41C9054E6000B8989 /* Sources */ = {
			isa = PBXSourcesBuildPhase;
			buildActionMask = 2147483647;
			files = (
				85BADFAD1C9054E6000B8989 /* MirageUITests.swift in Sources */,
			);
			runOnlyForDeploymentPostprocessing = 0;
		};
/* End PBXSourcesBuildPhase section */

/* Begin PBXTargetDependency section */
		85BADF9F1C9054E6000B8989 /* PBXTargetDependency */ = {
			isa = PBXTargetDependency;
			target = 85BADF881C9054E6000B8989 /* Mirage */;
			targetProxy = 85BADF9E1C9054E6000B8989 /* PBXContainerItemProxy */;
		};
		85BADFAA1C9054E6000B8989 /* PBXTargetDependency */ = {
			isa = PBXTargetDependency;
			target = 85BADF881C9054E6000B8989 /* Mirage */;
			targetProxy = 85BADFA91C9054E6000B8989 /* PBXContainerItemProxy */;
		};
/* End PBXTargetDependency section */

/* Begin PBXVariantGroup section */
		85BADFCB1C9056B8000B8989 /* Main.storyboard */ = {
			isa = PBXVariantGroup;
			children = (
				85BADFCC1C9056B8000B8989 /* Base */,
			);
			name = Main.storyboard;
			sourceTree = "<group>";
		};
		85BADFCE1C9056BF000B8989 /* LaunchScreen.storyboard */ = {
			isa = PBXVariantGroup;
			children = (
				85BADFCF1C9056BF000B8989 /* Base */,
			);
			name = LaunchScreen.storyboard;
			sourceTree = "<group>";
		};
/* End PBXVariantGroup section */

/* Begin XCBuildConfiguration section */
		85BADFAF1C9054E6000B8989 /* Debug */ = {
			isa = XCBuildConfiguration;
			buildSettings = {
				ALWAYS_SEARCH_USER_PATHS = NO;
				CLANG_CXX_LANGUAGE_STANDARD = "gnu++0x";
				CLANG_CXX_LIBRARY = "libc++";
				CLANG_ENABLE_MODULES = YES;
				CLANG_ENABLE_OBJC_ARC = YES;
				CLANG_WARN_BOOL_CONVERSION = YES;
				CLANG_WARN_CONSTANT_CONVERSION = YES;
				CLANG_WARN_DIRECT_OBJC_ISA_USAGE = YES_ERROR;
				CLANG_WARN_EMPTY_BODY = YES;
				CLANG_WARN_ENUM_CONVERSION = YES;
				CLANG_WARN_INT_CONVERSION = YES;
				CLANG_WARN_OBJC_ROOT_CLASS = YES_ERROR;
				CLANG_WARN_UNREACHABLE_CODE = YES;
				CLANG_WARN__DUPLICATE_METHOD_MATCH = YES;
				CODE_SIGN_IDENTITY = "";
				"CODE_SIGN_IDENTITY[sdk=iphoneos*]" = "iPhone Developer";
				COPY_PHASE_STRIP = NO;
				DEBUG_INFORMATION_FORMAT = dwarf;
				ENABLE_STRICT_OBJC_MSGSEND = YES;
				ENABLE_TESTABILITY = YES;
				GCC_C_LANGUAGE_STANDARD = gnu99;
				GCC_DYNAMIC_NO_PIC = NO;
				GCC_NO_COMMON_BLOCKS = YES;
				GCC_OPTIMIZATION_LEVEL = 0;
				GCC_PREPROCESSOR_DEFINITIONS = (
					"DEBUG=1",
					"$(inherited)",
				);
				GCC_WARN_64_TO_32_BIT_CONVERSION = YES;
				GCC_WARN_ABOUT_RETURN_TYPE = YES_ERROR;
				GCC_WARN_UNDECLARED_SELECTOR = YES;
				GCC_WARN_UNINITIALIZED_AUTOS = YES_AGGRESSIVE;
				GCC_WARN_UNUSED_FUNCTION = YES;
				GCC_WARN_UNUSED_VARIABLE = YES;
				IPHONEOS_DEPLOYMENT_TARGET = 9.3;
				MTL_ENABLE_DEBUG_INFO = YES;
				ONLY_ACTIVE_ARCH = YES;
				PROVISIONING_PROFILE = "";
				SDKROOT = iphoneos;
				SWIFT_OPTIMIZATION_LEVEL = "-Onone";
			};
			name = Debug;
		};
		85BADFB01C9054E6000B8989 /* Release */ = {
			isa = XCBuildConfiguration;
			buildSettings = {
				ALWAYS_SEARCH_USER_PATHS = NO;
				CLANG_CXX_LANGUAGE_STANDARD = "gnu++0x";
				CLANG_CXX_LIBRARY = "libc++";
				CLANG_ENABLE_MODULES = YES;
				CLANG_ENABLE_OBJC_ARC = YES;
				CLANG_WARN_BOOL_CONVERSION = YES;
				CLANG_WARN_CONSTANT_CONVERSION = YES;
				CLANG_WARN_DIRECT_OBJC_ISA_USAGE = YES_ERROR;
				CLANG_WARN_EMPTY_BODY = YES;
				CLANG_WARN_ENUM_CONVERSION = YES;
				CLANG_WARN_INT_CONVERSION = YES;
				CLANG_WARN_OBJC_ROOT_CLASS = YES_ERROR;
				CLANG_WARN_UNREACHABLE_CODE = YES;
				CLANG_WARN__DUPLICATE_METHOD_MATCH = YES;
				CODE_SIGN_IDENTITY = "";
				"CODE_SIGN_IDENTITY[sdk=iphoneos*]" = "iPhone Developer";
				COPY_PHASE_STRIP = NO;
				DEBUG_INFORMATION_FORMAT = "dwarf-with-dsym";
				ENABLE_NS_ASSERTIONS = NO;
				ENABLE_STRICT_OBJC_MSGSEND = YES;
				GCC_C_LANGUAGE_STANDARD = gnu99;
				GCC_NO_COMMON_BLOCKS = YES;
				GCC_WARN_64_TO_32_BIT_CONVERSION = YES;
				GCC_WARN_ABOUT_RETURN_TYPE = YES_ERROR;
				GCC_WARN_UNDECLARED_SELECTOR = YES;
				GCC_WARN_UNINITIALIZED_AUTOS = YES_AGGRESSIVE;
				GCC_WARN_UNUSED_FUNCTION = YES;
				GCC_WARN_UNUSED_VARIABLE = YES;
				IPHONEOS_DEPLOYMENT_TARGET = 9.3;
				MTL_ENABLE_DEBUG_INFO = NO;
				PROVISIONING_PROFILE = "";
				SDKROOT = iphoneos;
				VALIDATE_PRODUCT = YES;
			};
			name = Release;
		};
		85BADFB21C9054E6000B8989 /* Debug */ = {
			isa = XCBuildConfiguration;
			buildSettings = {
				ASSETCATALOG_COMPILER_APPICON_NAME = AppIcon;
				CLANG_ENABLE_MODULES = YES;
				CODE_SIGN_IDENTITY = "iPhone Developer";
				"CODE_SIGN_IDENTITY[sdk=iphoneos*]" = "iPhone Developer";
				INFOPLIST_FILE = Mirage/Info.plist;
				LD_RUNPATH_SEARCH_PATHS = "$(inherited) @executable_path/Frameworks";
				PRODUCT_BUNDLE_IDENTIFIER = br.com.sienaidea.Mirage;
				PRODUCT_NAME = "$(TARGET_NAME)";
				PROVISIONING_PROFILE = "";
				SWIFT_OBJC_BRIDGING_HEADER = "Mirage/Mirage-Bridging-Header.h";
				SWIFT_OPTIMIZATION_LEVEL = "-Onone";
				TARGETED_DEVICE_FAMILY = "1,2";
			};
			name = Debug;
		};
		85BADFB31C9054E6000B8989 /* Release */ = {
			isa = XCBuildConfiguration;
			buildSettings = {
				ASSETCATALOG_COMPILER_APPICON_NAME = AppIcon;
				CLANG_ENABLE_MODULES = YES;
				CODE_SIGN_IDENTITY = "iPhone Developer";
				"CODE_SIGN_IDENTITY[sdk=iphoneos*]" = "iPhone Developer";
				INFOPLIST_FILE = Mirage/Info.plist;
				LD_RUNPATH_SEARCH_PATHS = "$(inherited) @executable_path/Frameworks";
				PRODUCT_BUNDLE_IDENTIFIER = br.com.sienaidea.Mirage;
				PRODUCT_NAME = "$(TARGET_NAME)";
				PROVISIONING_PROFILE = "";
				SWIFT_OBJC_BRIDGING_HEADER = "Mirage/Mirage-Bridging-Header.h";
				TARGETED_DEVICE_FAMILY = "1,2";
			};
			name = Release;
		};
		85BADFB51C9054E6000B8989 /* Debug */ = {
			isa = XCBuildConfiguration;
			buildSettings = {
				BUNDLE_LOADER = "$(TEST_HOST)";
				INFOPLIST_FILE = MirageTests/Info.plist;
				LD_RUNPATH_SEARCH_PATHS = "$(inherited) @executable_path/Frameworks @loader_path/Frameworks";
				PRODUCT_BUNDLE_IDENTIFIER = br.com.sienaidea.MirageTests;
				PRODUCT_NAME = "$(TARGET_NAME)";
				TEST_HOST = "$(BUILT_PRODUCTS_DIR)/Mirage.app/Mirage";
			};
			name = Debug;
		};
		85BADFB61C9054E6000B8989 /* Release */ = {
			isa = XCBuildConfiguration;
			buildSettings = {
				BUNDLE_LOADER = "$(TEST_HOST)";
				INFOPLIST_FILE = MirageTests/Info.plist;
				LD_RUNPATH_SEARCH_PATHS = "$(inherited) @executable_path/Frameworks @loader_path/Frameworks";
				PRODUCT_BUNDLE_IDENTIFIER = br.com.sienaidea.MirageTests;
				PRODUCT_NAME = "$(TARGET_NAME)";
				TEST_HOST = "$(BUILT_PRODUCTS_DIR)/Mirage.app/Mirage";
			};
			name = Release;
		};
		85BADFB81C9054E6000B8989 /* Debug */ = {
			isa = XCBuildConfiguration;
			buildSettings = {
				INFOPLIST_FILE = MirageUITests/Info.plist;
				LD_RUNPATH_SEARCH_PATHS = "$(inherited) @executable_path/Frameworks @loader_path/Frameworks";
				PRODUCT_BUNDLE_IDENTIFIER = br.com.sienaidea.MirageUITests;
				PRODUCT_NAME = "$(TARGET_NAME)";
				TEST_TARGET_NAME = Mirage;
				USES_XCTRUNNER = YES;
			};
			name = Debug;
		};
		85BADFB91C9054E6000B8989 /* Release */ = {
			isa = XCBuildConfiguration;
			buildSettings = {
				INFOPLIST_FILE = MirageUITests/Info.plist;
				LD_RUNPATH_SEARCH_PATHS = "$(inherited) @executable_path/Frameworks @loader_path/Frameworks";
				PRODUCT_BUNDLE_IDENTIFIER = br.com.sienaidea.MirageUITests;
				PRODUCT_NAME = "$(TARGET_NAME)";
				TEST_TARGET_NAME = Mirage;
				USES_XCTRUNNER = YES;
			};
			name = Release;
		};
/* End XCBuildConfiguration section */

/* Begin XCConfigurationList section */
		85BADF841C9054E6000B8989 /* Build configuration list for PBXProject "Mirage" */ = {
			isa = XCConfigurationList;
			buildConfigurations = (
				85BADFAF1C9054E6000B8989 /* Debug */,
				85BADFB01C9054E6000B8989 /* Release */,
			);
			defaultConfigurationIsVisible = 0;
			defaultConfigurationName = Release;
		};
		85BADFB11C9054E6000B8989 /* Build configuration list for PBXNativeTarget "Mirage" */ = {
			isa = XCConfigurationList;
			buildConfigurations = (
				85BADFB21C9054E6000B8989 /* Debug */,
				85BADFB31C9054E6000B8989 /* Release */,
			);
			defaultConfigurationIsVisible = 0;
			defaultConfigurationName = Release;
		};
		85BADFB41C9054E6000B8989 /* Build configuration list for PBXNativeTarget "MirageTests" */ = {
			isa = XCConfigurationList;
			buildConfigurations = (
				85BADFB51C9054E6000B8989 /* Debug */,
				85BADFB61C9054E6000B8989 /* Release */,
			);
			defaultConfigurationIsVisible = 0;
			defaultConfigurationName = Release;
		};
		85BADFB71C9054E6000B8989 /* Build configuration list for PBXNativeTarget "MirageUITests" */ = {
			isa = XCConfigurationList;
			buildConfigurations = (
				85BADFB81C9054E6000B8989 /* Debug */,
				85BADFB91C9054E6000B8989 /* Release */,
			);
			defaultConfigurationIsVisible = 0;
			defaultConfigurationName = Release;
		};
/* End XCConfigurationList section */
	};
	rootObject = 85BADF811C9054E6000B8989 /* Project object */;
}
