// !$*UTF8*$!
{
	archiveVersion = 1;
	classes = {
	};
	objectVersion = 46;
	objects = {

/* Begin PBXBuildFile section */
		855E4C171C7B55480072B837 /* RecoverPasswordViewController.swift in Sources */ = {isa = PBXBuildFile; fileRef = 855E4C161C7B55480072B837 /* RecoverPasswordViewController.swift */; };
		85DD1E6B1C7B268000F2C64D /* AppDelegate.swift in Sources */ = {isa = PBXBuildFile; fileRef = 85DD1E6A1C7B268000F2C64D /* AppDelegate.swift */; };
		85DD1E6D1C7B268000F2C64D /* ViewController.swift in Sources */ = {isa = PBXBuildFile; fileRef = 85DD1E6C1C7B268000F2C64D /* ViewController.swift */; };
		85DD1E701C7B268000F2C64D /* Main.storyboard in Resources */ = {isa = PBXBuildFile; fileRef = 85DD1E6E1C7B268000F2C64D /* Main.storyboard */; };
		85DD1E721C7B268000F2C64D /* Assets.xcassets in Resources */ = {isa = PBXBuildFile; fileRef = 85DD1E711C7B268000F2C64D /* Assets.xcassets */; };
		85DD1E751C7B268000F2C64D /* LaunchScreen.storyboard in Resources */ = {isa = PBXBuildFile; fileRef = 85DD1E731C7B268000F2C64D /* LaunchScreen.storyboard */; };
		85DD1E801C7B268000F2C64D /* MirageTests.swift in Sources */ = {isa = PBXBuildFile; fileRef = 85DD1E7F1C7B268000F2C64D /* MirageTests.swift */; };
		85DD1E8B1C7B268000F2C64D /* MirageUITests.swift in Sources */ = {isa = PBXBuildFile; fileRef = 85DD1E8A1C7B268000F2C64D /* MirageUITests.swift */; };
		85DD1E991C7B482200F2C64D /* models in Resources */ = {isa = PBXBuildFile; fileRef = 85DD1E981C7B482200F2C64D /* models */; };
		85DD1E9B1C7B482800F2C64D /* viewcontrollers in Resources */ = {isa = PBXBuildFile; fileRef = 85DD1E9A1C7B482800F2C64D /* viewcontrollers */; };
		85DD1EA11C7B48AD00F2C64D /* views in Resources */ = {isa = PBXBuildFile; fileRef = 85DD1EA01C7B48AD00F2C64D /* views */; };
		85E9712F1C7DF2DB004E7513 /* RegisterViewController.swift in Sources */ = {isa = PBXBuildFile; fileRef = 85E9712E1C7DF2DB004E7513 /* RegisterViewController.swift */; };
/* End PBXBuildFile section */

/* Begin PBXContainerItemProxy section */
		85DD1E7C1C7B268000F2C64D /* PBXContainerItemProxy */ = {
			isa = PBXContainerItemProxy;
			containerPortal = 85DD1E5F1C7B267F00F2C64D /* Project object */;
			proxyType = 1;
			remoteGlobalIDString = 85DD1E661C7B267F00F2C64D;
			remoteInfo = Mirage;
		};
		85DD1E871C7B268000F2C64D /* PBXContainerItemProxy */ = {
			isa = PBXContainerItemProxy;
			containerPortal = 85DD1E5F1C7B267F00F2C64D /* Project object */;
			proxyType = 1;
			remoteGlobalIDString = 85DD1E661C7B267F00F2C64D;
			remoteInfo = Mirage;
		};
/* End PBXContainerItemProxy section */

/* Begin PBXFileReference section */
		855E4C161C7B55480072B837 /* RecoverPasswordViewController.swift */ = {isa = PBXFileReference; fileEncoding = 4; lastKnownFileType = sourcecode.swift; name = RecoverPasswordViewController.swift; path = Mirage/viewcontrollers/RecoverPasswordViewController.swift; sourceTree = "<group>"; };
		85DD1E671C7B268000F2C64D /* Mirage.app */ = {isa = PBXFileReference; explicitFileType = wrapper.application; includeInIndex = 0; path = Mirage.app; sourceTree = BUILT_PRODUCTS_DIR; };
		85DD1E6A1C7B268000F2C64D /* AppDelegate.swift */ = {isa = PBXFileReference; lastKnownFileType = sourcecode.swift; path = AppDelegate.swift; sourceTree = "<group>"; };
		85DD1E6C1C7B268000F2C64D /* ViewController.swift */ = {isa = PBXFileReference; lastKnownFileType = sourcecode.swift; path = ViewController.swift; sourceTree = "<group>"; };
		85DD1E6F1C7B268000F2C64D /* Base */ = {isa = PBXFileReference; lastKnownFileType = file.storyboard; name = Base; path = Base.lproj/Main.storyboard; sourceTree = "<group>"; };
		85DD1E711C7B268000F2C64D /* Assets.xcassets */ = {isa = PBXFileReference; lastKnownFileType = folder.assetcatalog; path = Assets.xcassets; sourceTree = "<group>"; };
		85DD1E741C7B268000F2C64D /* Base */ = {isa = PBXFileReference; lastKnownFileType = file.storyboard; name = Base; path = Base.lproj/LaunchScreen.storyboard; sourceTree = "<group>"; };
		85DD1E761C7B268000F2C64D /* Info.plist */ = {isa = PBXFileReference; lastKnownFileType = text.plist.xml; path = Info.plist; sourceTree = "<group>"; };
		85DD1E7B1C7B268000F2C64D /* MirageTests.xctest */ = {isa = PBXFileReference; explicitFileType = wrapper.cfbundle; includeInIndex = 0; path = MirageTests.xctest; sourceTree = BUILT_PRODUCTS_DIR; };
		85DD1E7F1C7B268000F2C64D /* MirageTests.swift */ = {isa = PBXFileReference; lastKnownFileType = sourcecode.swift; path = MirageTests.swift; sourceTree = "<group>"; };
		85DD1E811C7B268000F2C64D /* Info.plist */ = {isa = PBXFileReference; lastKnownFileType = text.plist.xml; path = Info.plist; sourceTree = "<group>"; };
		85DD1E861C7B268000F2C64D /* MirageUITests.xctest */ = {isa = PBXFileReference; explicitFileType = wrapper.cfbundle; includeInIndex = 0; path = MirageUITests.xctest; sourceTree = BUILT_PRODUCTS_DIR; };
		85DD1E8A1C7B268000F2C64D /* MirageUITests.swift */ = {isa = PBXFileReference; lastKnownFileType = sourcecode.swift; path = MirageUITests.swift; sourceTree = "<group>"; };
		85DD1E8C1C7B268000F2C64D /* Info.plist */ = {isa = PBXFileReference; lastKnownFileType = text.plist.xml; path = Info.plist; sourceTree = "<group>"; };
		85DD1E981C7B482200F2C64D /* models */ = {isa = PBXFileReference; lastKnownFileType = folder; path = models; sourceTree = "<group>"; };
		85DD1E9A1C7B482800F2C64D /* viewcontrollers */ = {isa = PBXFileReference; lastKnownFileType = folder; path = viewcontrollers; sourceTree = "<group>"; };
		85DD1EA01C7B48AD00F2C64D /* views */ = {isa = PBXFileReference; lastKnownFileType = folder; path = views; sourceTree = "<group>"; };
		85E9712E1C7DF2DB004E7513 /* RegisterViewController.swift */ = {isa = PBXFileReference; fileEncoding = 4; lastKnownFileType = sourcecode.swift; name = RegisterViewController.swift; path = Mirage/viewcontrollers/RegisterViewController.swift; sourceTree = "<group>"; };
/* End PBXFileReference section */

/* Begin PBXFrameworksBuildPhase section */
		85DD1E641C7B267F00F2C64D /* Frameworks */ = {
			isa = PBXFrameworksBuildPhase;
			buildActionMask = 2147483647;
			files = (
			);
			runOnlyForDeploymentPostprocessing = 0;
		};
		85DD1E781C7B268000F2C64D /* Frameworks */ = {
			isa = PBXFrameworksBuildPhase;
			buildActionMask = 2147483647;
			files = (
			);
			runOnlyForDeploymentPostprocessing = 0;
		};
		85DD1E831C7B268000F2C64D /* Frameworks */ = {
			isa = PBXFrameworksBuildPhase;
			buildActionMask = 2147483647;
			files = (
			);
			runOnlyForDeploymentPostprocessing = 0;
		};
/* End PBXFrameworksBuildPhase section */

/* Begin PBXGroup section */
		85DD1E5E1C7B267F00F2C64D = {
			isa = PBXGroup;
			children = (
				85E9712E1C7DF2DB004E7513 /* RegisterViewController.swift */,
				855E4C161C7B55480072B837 /* RecoverPasswordViewController.swift */,
				85DD1E691C7B268000F2C64D /* Mirage */,
				85DD1E7E1C7B268000F2C64D /* MirageTests */,
				85DD1E891C7B268000F2C64D /* MirageUITests */,
				85DD1E681C7B268000F2C64D /* Products */,
			);
			sourceTree = "<group>";
		};
		85DD1E681C7B268000F2C64D /* Products */ = {
			isa = PBXGroup;
			children = (
				85DD1E671C7B268000F2C64D /* Mirage.app */,
				85DD1E7B1C7B268000F2C64D /* MirageTests.xctest */,
				85DD1E861C7B268000F2C64D /* MirageUITests.xctest */,
			);
			name = Products;
			sourceTree = "<group>";
		};
		85DD1E691C7B268000F2C64D /* Mirage */ = {
			isa = PBXGroup;
			children = (
				85DD1EA01C7B48AD00F2C64D /* views */,
				85DD1E9A1C7B482800F2C64D /* viewcontrollers */,
				85DD1E981C7B482200F2C64D /* models */,
				85DD1E6A1C7B268000F2C64D /* AppDelegate.swift */,
				85DD1E6C1C7B268000F2C64D /* ViewController.swift */,
				85DD1E6E1C7B268000F2C64D /* Main.storyboard */,
				85DD1E711C7B268000F2C64D /* Assets.xcassets */,
				85DD1E731C7B268000F2C64D /* LaunchScreen.storyboard */,
				85DD1E761C7B268000F2C64D /* Info.plist */,
			);
			path = Mirage;
			sourceTree = "<group>";
		};
		85DD1E7E1C7B268000F2C64D /* MirageTests */ = {
			isa = PBXGroup;
			children = (
				85DD1E7F1C7B268000F2C64D /* MirageTests.swift */,
				85DD1E811C7B268000F2C64D /* Info.plist */,
			);
			path = MirageTests;
			sourceTree = "<group>";
		};
		85DD1E891C7B268000F2C64D /* MirageUITests */ = {
			isa = PBXGroup;
			children = (
				85DD1E8A1C7B268000F2C64D /* MirageUITests.swift */,
				85DD1E8C1C7B268000F2C64D /* Info.plist */,
			);
			path = MirageUITests;
			sourceTree = "<group>";
		};
/* End PBXGroup section */

/* Begin PBXNativeTarget section */
		85DD1E661C7B267F00F2C64D /* Mirage */ = {
			isa = PBXNativeTarget;
			buildConfigurationList = 85DD1E8F1C7B268000F2C64D /* Build configuration list for PBXNativeTarget "Mirage" */;
			buildPhases = (
				85DD1E631C7B267F00F2C64D /* Sources */,
				85DD1E641C7B267F00F2C64D /* Frameworks */,
				85DD1E651C7B267F00F2C64D /* Resources */,
			);
			buildRules = (
			);
			dependencies = (
			);
			name = Mirage;
			productName = Mirage;
			productReference = 85DD1E671C7B268000F2C64D /* Mirage.app */;
			productType = "com.apple.product-type.application";
		};
		85DD1E7A1C7B268000F2C64D /* MirageTests */ = {
			isa = PBXNativeTarget;
			buildConfigurationList = 85DD1E921C7B268000F2C64D /* Build configuration list for PBXNativeTarget "MirageTests" */;
			buildPhases = (
				85DD1E771C7B268000F2C64D /* Sources */,
				85DD1E781C7B268000F2C64D /* Frameworks */,
				85DD1E791C7B268000F2C64D /* Resources */,
			);
			buildRules = (
			);
			dependencies = (
				85DD1E7D1C7B268000F2C64D /* PBXTargetDependency */,
			);
			name = MirageTests;
			productName = MirageTests;
			productReference = 85DD1E7B1C7B268000F2C64D /* MirageTests.xctest */;
			productType = "com.apple.product-type.bundle.unit-test";
		};
		85DD1E851C7B268000F2C64D /* MirageUITests */ = {
			isa = PBXNativeTarget;
			buildConfigurationList = 85DD1E951C7B268000F2C64D /* Build configuration list for PBXNativeTarget "MirageUITests" */;
			buildPhases = (
				85DD1E821C7B268000F2C64D /* Sources */,
				85DD1E831C7B268000F2C64D /* Frameworks */,
				85DD1E841C7B268000F2C64D /* Resources */,
			);
			buildRules = (
			);
			dependencies = (
				85DD1E881C7B268000F2C64D /* PBXTargetDependency */,
			);
			name = MirageUITests;
			productName = MirageUITests;
			productReference = 85DD1E861C7B268000F2C64D /* MirageUITests.xctest */;
			productType = "com.apple.product-type.bundle.ui-testing";
		};
/* End PBXNativeTarget section */

/* Begin PBXProject section */
		85DD1E5F1C7B267F00F2C64D /* Project object */ = {
			isa = PBXProject;
			attributes = {
				LastSwiftUpdateCheck = 0720;
				LastUpgradeCheck = 0720;
				ORGANIZATIONNAME = "Siena Idea";
				TargetAttributes = {
					85DD1E661C7B267F00F2C64D = {
						CreatedOnToolsVersion = 7.2.1;
						DevelopmentTeam = 7BG9GK9Z62;
					};
					85DD1E7A1C7B268000F2C64D = {
						CreatedOnToolsVersion = 7.2.1;
						TestTargetID = 85DD1E661C7B267F00F2C64D;
					};
					85DD1E851C7B268000F2C64D = {
						CreatedOnToolsVersion = 7.2.1;
						TestTargetID = 85DD1E661C7B267F00F2C64D;
					};
				};
			};
			buildConfigurationList = 85DD1E621C7B267F00F2C64D /* Build configuration list for PBXProject "Mirage" */;
			compatibilityVersion = "Xcode 3.2";
			developmentRegion = English;
			hasScannedForEncodings = 0;
			knownRegions = (
				en,
				Base,
			);
			mainGroup = 85DD1E5E1C7B267F00F2C64D;
			productRefGroup = 85DD1E681C7B268000F2C64D /* Products */;
			projectDirPath = "";
			projectRoot = "";
			targets = (
				85DD1E661C7B267F00F2C64D /* Mirage */,
				85DD1E7A1C7B268000F2C64D /* MirageTests */,
				85DD1E851C7B268000F2C64D /* MirageUITests */,
			);
		};
/* End PBXProject section */

/* Begin PBXResourcesBuildPhase section */
		85DD1E651C7B267F00F2C64D /* Resources */ = {
			isa = PBXResourcesBuildPhase;
			buildActionMask = 2147483647;
			files = (
				85DD1E751C7B268000F2C64D /* LaunchScreen.storyboard in Resources */,
				85DD1E9B1C7B482800F2C64D /* viewcontrollers in Resources */,
				85DD1E721C7B268000F2C64D /* Assets.xcassets in Resources */,
				85DD1E991C7B482200F2C64D /* models in Resources */,
				85DD1EA11C7B48AD00F2C64D /* views in Resources */,
				85DD1E701C7B268000F2C64D /* Main.storyboard in Resources */,
			);
			runOnlyForDeploymentPostprocessing = 0;
		};
		85DD1E791C7B268000F2C64D /* Resources */ = {
			isa = PBXResourcesBuildPhase;
			buildActionMask = 2147483647;
			files = (
			);
			runOnlyForDeploymentPostprocessing = 0;
		};
		85DD1E841C7B268000F2C64D /* Resources */ = {
			isa = PBXResourcesBuildPhase;
			buildActionMask = 2147483647;
			files = (
			);
			runOnlyForDeploymentPostprocessing = 0;
		};
/* End PBXResourcesBuildPhase section */

/* Begin PBXSourcesBuildPhase section */
		85DD1E631C7B267F00F2C64D /* Sources */ = {
			isa = PBXSourcesBuildPhase;
			buildActionMask = 2147483647;
			files = (
				855E4C171C7B55480072B837 /* RecoverPasswordViewController.swift in Sources */,
				85DD1E6D1C7B268000F2C64D /* ViewController.swift in Sources */,
				85DD1E6B1C7B268000F2C64D /* AppDelegate.swift in Sources */,
				85E9712F1C7DF2DB004E7513 /* RegisterViewController.swift in Sources */,
			);
			runOnlyForDeploymentPostprocessing = 0;
		};
		85DD1E771C7B268000F2C64D /* Sources */ = {
			isa = PBXSourcesBuildPhase;
			buildActionMask = 2147483647;
			files = (
				85DD1E801C7B268000F2C64D /* MirageTests.swift in Sources */,
			);
			runOnlyForDeploymentPostprocessing = 0;
		};
		85DD1E821C7B268000F2C64D /* Sources */ = {
			isa = PBXSourcesBuildPhase;
			buildActionMask = 2147483647;
			files = (
				85DD1E8B1C7B268000F2C64D /* MirageUITests.swift in Sources */,
			);
			runOnlyForDeploymentPostprocessing = 0;
		};
/* End PBXSourcesBuildPhase section */

/* Begin PBXTargetDependency section */
		85DD1E7D1C7B268000F2C64D /* PBXTargetDependency */ = {
			isa = PBXTargetDependency;
			target = 85DD1E661C7B267F00F2C64D /* Mirage */;
			targetProxy = 85DD1E7C1C7B268000F2C64D /* PBXContainerItemProxy */;
		};
		85DD1E881C7B268000F2C64D /* PBXTargetDependency */ = {
			isa = PBXTargetDependency;
			target = 85DD1E661C7B267F00F2C64D /* Mirage */;
			targetProxy = 85DD1E871C7B268000F2C64D /* PBXContainerItemProxy */;
		};
/* End PBXTargetDependency section */

/* Begin PBXVariantGroup section */
		85DD1E6E1C7B268000F2C64D /* Main.storyboard */ = {
			isa = PBXVariantGroup;
			children = (
				85DD1E6F1C7B268000F2C64D /* Base */,
			);
			name = Main.storyboard;
			sourceTree = "<group>";
		};
		85DD1E731C7B268000F2C64D /* LaunchScreen.storyboard */ = {
			isa = PBXVariantGroup;
			children = (
				85DD1E741C7B268000F2C64D /* Base */,
			);
			name = LaunchScreen.storyboard;
			sourceTree = "<group>";
		};
/* End PBXVariantGroup section */

/* Begin XCBuildConfiguration section */
		85DD1E8D1C7B268000F2C64D /* Debug */ = {
			isa = XCBuildConfiguration;
			buildSettings = {
				ALWAYS_SEARCH_USER_PATHS = NO;
				CLANG_CXX_LANGUAGE_STANDARD = "gnu++0x";
				CLANG_CXX_LIBRARY = "libc++";
				CLANG_ENABLE_MODULES = YES;
				CLANG_ENABLE_OBJC_ARC = YES;
				CLANG_WARN_BOOL_CONVERSION = YES;
				CLANG_WARN_CONSTANT_CONVERSION = YES;
				CLANG_WARN_DIRECT_OBJC_ISA_USAGE = YES_ERROR;
				CLANG_WARN_EMPTY_BODY = YES;
				CLANG_WARN_ENUM_CONVERSION = YES;
				CLANG_WARN_INT_CONVERSION = YES;
				CLANG_WARN_OBJC_ROOT_CLASS = YES_ERROR;
				CLANG_WARN_UNREACHABLE_CODE = YES;
				CLANG_WARN__DUPLICATE_METHOD_MATCH = YES;
				"CODE_SIGN_IDENTITY[sdk=iphoneos*]" = "iPhone Developer";
				COPY_PHASE_STRIP = NO;
				DEBUG_INFORMATION_FORMAT = dwarf;
				ENABLE_STRICT_OBJC_MSGSEND = YES;
				ENABLE_TESTABILITY = YES;
				GCC_C_LANGUAGE_STANDARD = gnu99;
				GCC_DYNAMIC_NO_PIC = NO;
				GCC_NO_COMMON_BLOCKS = YES;
				GCC_OPTIMIZATION_LEVEL = 0;
				GCC_PREPROCESSOR_DEFINITIONS = (
					"DEBUG=1",
					"$(inherited)",
				);
				GCC_WARN_64_TO_32_BIT_CONVERSION = YES;
				GCC_WARN_ABOUT_RETURN_TYPE = YES_ERROR;
				GCC_WARN_UNDECLARED_SELECTOR = YES;
				GCC_WARN_UNINITIALIZED_AUTOS = YES_AGGRESSIVE;
				GCC_WARN_UNUSED_FUNCTION = YES;
				GCC_WARN_UNUSED_VARIABLE = YES;
				IPHONEOS_DEPLOYMENT_TARGET = 9.2;
				MTL_ENABLE_DEBUG_INFO = YES;
				ONLY_ACTIVE_ARCH = YES;
				SDKROOT = iphoneos;
				SWIFT_OPTIMIZATION_LEVEL = "-Onone";
			};
			name = Debug;
		};
		85DD1E8E1C7B268000F2C64D /* Release */ = {
			isa = XCBuildConfiguration;
			buildSettings = {
				ALWAYS_SEARCH_USER_PATHS = NO;
				CLANG_CXX_LANGUAGE_STANDARD = "gnu++0x";
				CLANG_CXX_LIBRARY = "libc++";
				CLANG_ENABLE_MODULES = YES;
				CLANG_ENABLE_OBJC_ARC = YES;
				CLANG_WARN_BOOL_CONVERSION = YES;
				CLANG_WARN_CONSTANT_CONVERSION = YES;
				CLANG_WARN_DIRECT_OBJC_ISA_USAGE = YES_ERROR;
				CLANG_WARN_EMPTY_BODY = YES;
				CLANG_WARN_ENUM_CONVERSION = YES;
				CLANG_WARN_INT_CONVERSION = YES;
				CLANG_WARN_OBJC_ROOT_CLASS = YES_ERROR;
				CLANG_WARN_UNREACHABLE_CODE = YES;
				CLANG_WARN__DUPLICATE_METHOD_MATCH = YES;
				"CODE_SIGN_IDENTITY[sdk=iphoneos*]" = "iPhone Developer";
				COPY_PHASE_STRIP = NO;
				DEBUG_INFORMATION_FORMAT = "dwarf-with-dsym";
				ENABLE_NS_ASSERTIONS = NO;
				ENABLE_STRICT_OBJC_MSGSEND = YES;
				GCC_C_LANGUAGE_STANDARD = gnu99;
				GCC_NO_COMMON_BLOCKS = YES;
				GCC_WARN_64_TO_32_BIT_CONVERSION = YES;
				GCC_WARN_ABOUT_RETURN_TYPE = YES_ERROR;
				GCC_WARN_UNDECLARED_SELECTOR = YES;
				GCC_WARN_UNINITIALIZED_AUTOS = YES_AGGRESSIVE;
				GCC_WARN_UNUSED_FUNCTION = YES;
				GCC_WARN_UNUSED_VARIABLE = YES;
				IPHONEOS_DEPLOYMENT_TARGET = 9.2;
				MTL_ENABLE_DEBUG_INFO = NO;
				SDKROOT = iphoneos;
				VALIDATE_PRODUCT = YES;
			};
			name = Release;
		};
		85DD1E901C7B268000F2C64D /* Debug */ = {
			isa = XCBuildConfiguration;
			buildSettings = {
				ASSETCATALOG_COMPILER_APPICON_NAME = AppIcon;
				CODE_SIGN_IDENTITY = "iPhone Developer";
				"CODE_SIGN_IDENTITY[sdk=iphoneos*]" = "iPhone Developer";
				INFOPLIST_FILE = Mirage/Info.plist;
				LD_RUNPATH_SEARCH_PATHS = "$(inherited) @executable_path/Frameworks";
				PRODUCT_BUNDLE_IDENTIFIER = br.com.sienaidea.Mirage;
				PRODUCT_NAME = "$(TARGET_NAME)";
				PROVISIONING_PROFILE = "";
			};
			name = Debug;
		};
		85DD1E911C7B268000F2C64D /* Release */ = {
			isa = XCBuildConfiguration;
			buildSettings = {
				ASSETCATALOG_COMPILER_APPICON_NAME = AppIcon;
				CODE_SIGN_IDENTITY = "iPhone Developer";
				"CODE_SIGN_IDENTITY[sdk=iphoneos*]" = "iPhone Developer";
				INFOPLIST_FILE = Mirage/Info.plist;
				LD_RUNPATH_SEARCH_PATHS = "$(inherited) @executable_path/Frameworks";
				PRODUCT_BUNDLE_IDENTIFIER = br.com.sienaidea.Mirage;
				PRODUCT_NAME = "$(TARGET_NAME)";
				PROVISIONING_PROFILE = "";
			};
			name = Release;
		};
		85DD1E931C7B268000F2C64D /* Debug */ = {
			isa = XCBuildConfiguration;
			buildSettings = {
				BUNDLE_LOADER = "$(TEST_HOST)";
				INFOPLIST_FILE = MirageTests/Info.plist;
				LD_RUNPATH_SEARCH_PATHS = "$(inherited) @executable_path/Frameworks @loader_path/Frameworks";
				PRODUCT_BUNDLE_IDENTIFIER = br.com.sienaidea.MirageTests;
				PRODUCT_NAME = "$(TARGET_NAME)";
				TEST_HOST = "$(BUILT_PRODUCTS_DIR)/Mirage.app/Mirage";
			};
			name = Debug;
		};
		85DD1E941C7B268000F2C64D /* Release */ = {
			isa = XCBuildConfiguration;
			buildSettings = {
				BUNDLE_LOADER = "$(TEST_HOST)";
				INFOPLIST_FILE = MirageTests/Info.plist;
				LD_RUNPATH_SEARCH_PATHS = "$(inherited) @executable_path/Frameworks @loader_path/Frameworks";
				PRODUCT_BUNDLE_IDENTIFIER = br.com.sienaidea.MirageTests;
				PRODUCT_NAME = "$(TARGET_NAME)";
				TEST_HOST = "$(BUILT_PRODUCTS_DIR)/Mirage.app/Mirage";
			};
			name = Release;
		};
		85DD1E961C7B268000F2C64D /* Debug */ = {
			isa = XCBuildConfiguration;
			buildSettings = {
				INFOPLIST_FILE = MirageUITests/Info.plist;
				LD_RUNPATH_SEARCH_PATHS = "$(inherited) @executable_path/Frameworks @loader_path/Frameworks";
				PRODUCT_BUNDLE_IDENTIFIER = br.com.sienaidea.MirageUITests;
				PRODUCT_NAME = "$(TARGET_NAME)";
				TEST_TARGET_NAME = Mirage;
				USES_XCTRUNNER = YES;
			};
			name = Debug;
		};
		85DD1E971C7B268000F2C64D /* Release */ = {
			isa = XCBuildConfiguration;
			buildSettings = {
				INFOPLIST_FILE = MirageUITests/Info.plist;
				LD_RUNPATH_SEARCH_PATHS = "$(inherited) @executable_path/Frameworks @loader_path/Frameworks";
				PRODUCT_BUNDLE_IDENTIFIER = br.com.sienaidea.MirageUITests;
				PRODUCT_NAME = "$(TARGET_NAME)";
				TEST_TARGET_NAME = Mirage;
				USES_XCTRUNNER = YES;
			};
			name = Release;
		};
/* End XCBuildConfiguration section */

/* Begin XCConfigurationList section */
		85DD1E621C7B267F00F2C64D /* Build configuration list for PBXProject "Mirage" */ = {
			isa = XCConfigurationList;
			buildConfigurations = (
				85DD1E8D1C7B268000F2C64D /* Debug */,
				85DD1E8E1C7B268000F2C64D /* Release */,
			);
			defaultConfigurationIsVisible = 0;
			defaultConfigurationName = Release;
		};
		85DD1E8F1C7B268000F2C64D /* Build configuration list for PBXNativeTarget "Mirage" */ = {
			isa = XCConfigurationList;
			buildConfigurations = (
				85DD1E901C7B268000F2C64D /* Debug */,
				85DD1E911C7B268000F2C64D /* Release */,
			);
			defaultConfigurationIsVisible = 0;
			defaultConfigurationName = Release;
		};
		85DD1E921C7B268000F2C64D /* Build configuration list for PBXNativeTarget "MirageTests" */ = {
			isa = XCConfigurationList;
			buildConfigurations = (
				85DD1E931C7B268000F2C64D /* Debug */,
				85DD1E941C7B268000F2C64D /* Release */,
			);
			defaultConfigurationIsVisible = 0;
			defaultConfigurationName = Release;
		};
		85DD1E951C7B268000F2C64D /* Build configuration list for PBXNativeTarget "MirageUITests" */ = {
			isa = XCConfigurationList;
			buildConfigurations = (
				85DD1E961C7B268000F2C64D /* Debug */,
				85DD1E971C7B268000F2C64D /* Release */,
			);
			defaultConfigurationIsVisible = 0;
			defaultConfigurationName = Release;
		};
/* End XCConfigurationList section */
	};
	rootObject = 85DD1E5F1C7B267F00F2C64D /* Project object */;
}
